PODS:
  - Dollar (4.0.1)
  - Eureka (1.2.0)
  - KCFloatingActionButton (1.1.7)
  - Mixpanel (2.9.3):
    - Mixpanel/Mixpanel (= 2.9.3)
  - Mixpanel/Mixpanel (2.9.3)
  - Realm (0.96.2):
    - Realm/Headers (= 0.96.2)
  - Realm/Headers (0.96.2)
  - RealmSwift (0.96.2):
    - Realm (= 0.96.2)

DEPENDENCIES:
  - Dollar
  - Eureka (~> 1.2)
  - KCFloatingActionButton
  - Mixpanel
  - RealmSwift

SPEC CHECKSUMS:
  Dollar: a058e2659e0d3261307c12630dbc2fd8e32f80bf
  Eureka: aa7059d2a30e1b206a581f0aabfcf903ece6beae
  KCFloatingActionButton: deb80e65e7b21fa066607b18a31ab492d9caac15
  Mixpanel: b9ff1c5d41fc07037d4b813bf2799c050ee3e49b
  Realm: 3ce8448151c571e90b85002d984d7f93f54fc8a3
  RealmSwift: 485599fe54e35461c4a0daa7d01d8fbf11424873

COCOAPODS: 0.39.0
