PODS:
  - Dollar (4.0.1)
  - Realm (0.96.2):
    - Realm/Headers (= 0.96.2)
  - Realm/Headers (0.96.2)
  - RealmSwift (0.96.2):
    - Realm (= 0.96.2)

DEPENDENCIES:
  - Dollar
  - RealmSwift

SPEC CHECKSUMS:
  Dollar: a058e2659e0d3261307c12630dbc2fd8e32f80bf
  Realm: 3ce8448151c571e90b85002d984d7f93f54fc8a3
  RealmSwift: 485599fe54e35461c4a0daa7d01d8fbf11424873

COCOAPODS: 0.39.0
