// !$*UTF8*$!
{
	archiveVersion = 1;
	classes = {
	};
	objectVersion = 46;
	objects = {

/* Begin PBXBuildFile section */
		65881A25513A054C4281539A /* Pods_ACETests.framework in Frameworks */ = {isa = PBXBuildFile; fileRef = 51A15FD2C54A9B4290DCD6B9 /* Pods_ACETests.framework */; settings = {ATTRIBUTES = (Weak, ); }; };
		DF4E1D7BC77A618CBDADD76C /* Pods_ACE.framework in Frameworks */ = {isa = PBXBuildFile; fileRef = 8432260F4345D4716C6ECDDC /* Pods_ACE.framework */; settings = {ATTRIBUTES = (Weak, ); }; };
		FF0E8C291AF91C1B00B7EC68 /* MeetingsMapViewController.swift in Sources */ = {isa = PBXBuildFile; fileRef = FF0E8C281AF91C1B00B7EC68 /* MeetingsMapViewController.swift */; };
		FF1E1B351B29C43A00A97F12 /* MeetingsListHeader.swift in Sources */ = {isa = PBXBuildFile; fileRef = FF1E1B341B29C43A00A97F12 /* MeetingsListHeader.swift */; };
		FF1E1B371B29E34B00A97F12 /* MeetingListCell.swift in Sources */ = {isa = PBXBuildFile; fileRef = FF1E1B361B29E34B00A97F12 /* MeetingListCell.swift */; };
		FF1E1B6B1B2A398400A97F12 /* MeetingsDetailViewController.swift in Sources */ = {isa = PBXBuildFile; fileRef = FF1E1B6A1B2A398400A97F12 /* MeetingsDetailViewController.swift */; };
		FF20F0ED1ABAFE79009CDF4D /* AppDelegate.swift in Sources */ = {isa = PBXBuildFile; fileRef = FF20F0EC1ABAFE79009CDF4D /* AppDelegate.swift */; };
		FF20F0F21ABAFE79009CDF4D /* Main.storyboard in Resources */ = {isa = PBXBuildFile; fileRef = FF20F0F01ABAFE79009CDF4D /* Main.storyboard */; };
		FF20F0F41ABAFE79009CDF4D /* Images.xcassets in Resources */ = {isa = PBXBuildFile; fileRef = FF20F0F31ABAFE79009CDF4D /* Images.xcassets */; };
		FF20F0F71ABAFE79009CDF4D /* LaunchScreen.xib in Resources */ = {isa = PBXBuildFile; fileRef = FF20F0F51ABAFE79009CDF4D /* LaunchScreen.xib */; };
		FF20F1031ABAFE79009CDF4D /* ACETests.swift in Sources */ = {isa = PBXBuildFile; fileRef = FF20F1021ABAFE79009CDF4D /* ACETests.swift */; };
		FF20F10D1ABB8216009CDF4D /* HomeViewController.swift in Sources */ = {isa = PBXBuildFile; fileRef = FF20F10C1ABB8216009CDF4D /* HomeViewController.swift */; };
		FF20F10F1ABB855D009CDF4D /* MapKit.framework in Frameworks */ = {isa = PBXBuildFile; fileRef = FF20F10E1ABB855D009CDF4D /* MapKit.framework */; };
		FF3754BA1B21903800EE1F00 /* HexagonView.swift in Sources */ = {isa = PBXBuildFile; fileRef = FF3754B91B21903800EE1F00 /* HexagonView.swift */; };
		FF3755511B22DAB200EE1F00 /* NSString+FontAwesomeSwift.swift in Sources */ = {isa = PBXBuildFile; fileRef = FF3755501B22DAB200EE1F00 /* NSString+FontAwesomeSwift.swift */; };
		FF3755521B22DAB200EE1F00 /* NSString+FontAwesomeSwift.swift in Sources */ = {isa = PBXBuildFile; fileRef = FF3755501B22DAB200EE1F00 /* NSString+FontAwesomeSwift.swift */; };
		FF3755551B22DCE800EE1F00 /* FontAwesome.otf in Resources */ = {isa = PBXBuildFile; fileRef = FF3755541B22DCE800EE1F00 /* FontAwesome.otf */; };
		FF3755561B22DCE800EE1F00 /* FontAwesome.otf in Resources */ = {isa = PBXBuildFile; fileRef = FF3755541B22DCE800EE1F00 /* FontAwesome.otf */; };
		FF44EB2F1ACC9C8D00EA1954 /* Venue.swift in Sources */ = {isa = PBXBuildFile; fileRef = FF44EB2E1ACC9C8D00EA1954 /* Venue.swift */; };
		FF44EB311ACC9D0400EA1954 /* Service.swift in Sources */ = {isa = PBXBuildFile; fileRef = FF44EB301ACC9D0400EA1954 /* Service.swift */; };
		FF47006B1B0B391A004528EB /* MeetingPickerViewController.swift in Sources */ = {isa = PBXBuildFile; fileRef = FF47006A1B0B391A004528EB /* MeetingPickerViewController.swift */; };
		FF54C2DD1AE6A2ED00943B41 /* Strings.swift in Sources */ = {isa = PBXBuildFile; fileRef = FF54C2DC1AE6A2ED00943B41 /* Strings.swift */; };
		FF569F9D1B0E25CA00E26D16 /* Activity.swift in Sources */ = {isa = PBXBuildFile; fileRef = FF569F9C1B0E25CA00E26D16 /* Activity.swift */; };
		FF5803DE1B04BCAD0030B109 /* MoodMenuViewController.swift in Sources */ = {isa = PBXBuildFile; fileRef = FF5803DD1B04BCAD0030B109 /* MoodMenuViewController.swift */; };
		FF5967071B27804F00B149F4 /* Style.swift in Sources */ = {isa = PBXBuildFile; fileRef = FF5967061B27804F00B149F4 /* Style.swift */; };
		FF648C8C1AE8CB2400889EA0 /* ExerciseDetailViewController.swift in Sources */ = {isa = PBXBuildFile; fileRef = FF648C8B1AE8CB2400889EA0 /* ExerciseDetailViewController.swift */; };
		FF648C8E1AE8CC8500889EA0 /* Exercise.swift in Sources */ = {isa = PBXBuildFile; fileRef = FF648C8D1AE8CC8500889EA0 /* Exercise.swift */; };
		FF648C901AE8D97000889EA0 /* ExerciseCell.swift in Sources */ = {isa = PBXBuildFile; fileRef = FF648C8F1AE8D97000889EA0 /* ExerciseCell.swift */; };
		FF648C921AE8DA3A00889EA0 /* ExercisesViewController.swift in Sources */ = {isa = PBXBuildFile; fileRef = FF648C911AE8DA3A00889EA0 /* ExercisesViewController.swift */; };
		FF7395281B0C6C0B00972F67 /* CVAuxiliaryView.swift in Sources */ = {isa = PBXBuildFile; fileRef = FF73950E1B0C6C0B00972F67 /* CVAuxiliaryView.swift */; };
		FF7395291B0C6C0B00972F67 /* CVCalendarContentViewController.swift in Sources */ = {isa = PBXBuildFile; fileRef = FF73950F1B0C6C0B00972F67 /* CVCalendarContentViewController.swift */; };
		FF73952A1B0C6C0B00972F67 /* CVCalendarDayView.swift in Sources */ = {isa = PBXBuildFile; fileRef = FF7395101B0C6C0B00972F67 /* CVCalendarDayView.swift */; };
		FF73952B1B0C6C0B00972F67 /* CVCalendarDayViewControlCoordinator.swift in Sources */ = {isa = PBXBuildFile; fileRef = FF7395111B0C6C0B00972F67 /* CVCalendarDayViewControlCoordinator.swift */; };
		FF73952C1B0C6C0B00972F67 /* CVCalendarManager.swift in Sources */ = {isa = PBXBuildFile; fileRef = FF7395121B0C6C0B00972F67 /* CVCalendarManager.swift */; };
		FF73952D1B0C6C0B00972F67 /* CVCalendarMenuView.swift in Sources */ = {isa = PBXBuildFile; fileRef = FF7395131B0C6C0B00972F67 /* CVCalendarMenuView.swift */; };
		FF73952E1B0C6C0B00972F67 /* CVCalendarMenuViewDelegate.swift in Sources */ = {isa = PBXBuildFile; fileRef = FF7395141B0C6C0B00972F67 /* CVCalendarMenuViewDelegate.swift */; };
		FF73952F1B0C6C0B00972F67 /* CVCalendarMonthContentViewController.swift in Sources */ = {isa = PBXBuildFile; fileRef = FF7395151B0C6C0B00972F67 /* CVCalendarMonthContentViewController.swift */; };
		FF7395301B0C6C0B00972F67 /* CVCalendarMonthView.swift in Sources */ = {isa = PBXBuildFile; fileRef = FF7395161B0C6C0B00972F67 /* CVCalendarMonthView.swift */; };
		FF7395311B0C6C0B00972F67 /* CVCalendarTouchController.swift in Sources */ = {isa = PBXBuildFile; fileRef = FF7395171B0C6C0B00972F67 /* CVCalendarTouchController.swift */; };
		FF7395321B0C6C0B00972F67 /* CVCalendarView.swift in Sources */ = {isa = PBXBuildFile; fileRef = FF7395181B0C6C0B00972F67 /* CVCalendarView.swift */; };
		FF7395331B0C6C0B00972F67 /* CVCalendarViewAnimator.swift in Sources */ = {isa = PBXBuildFile; fileRef = FF7395191B0C6C0B00972F67 /* CVCalendarViewAnimator.swift */; };
		FF7395341B0C6C0B00972F67 /* CVCalendarViewAnimatorDelegate.swift in Sources */ = {isa = PBXBuildFile; fileRef = FF73951A1B0C6C0B00972F67 /* CVCalendarViewAnimatorDelegate.swift */; };
		FF7395351B0C6C0B00972F67 /* CVCalendarViewAppearance.swift in Sources */ = {isa = PBXBuildFile; fileRef = FF73951B1B0C6C0B00972F67 /* CVCalendarViewAppearance.swift */; };
		FF7395361B0C6C0B00972F67 /* CVCalendarViewAppearanceDelegate.swift in Sources */ = {isa = PBXBuildFile; fileRef = FF73951C1B0C6C0B00972F67 /* CVCalendarViewAppearanceDelegate.swift */; };
		FF7395371B0C6C0B00972F67 /* CVCalendarViewDelegate.swift in Sources */ = {isa = PBXBuildFile; fileRef = FF73951D1B0C6C0B00972F67 /* CVCalendarViewDelegate.swift */; };
		FF7395381B0C6C0B00972F67 /* CVCalendarViewPresentationMode.swift in Sources */ = {isa = PBXBuildFile; fileRef = FF73951E1B0C6C0B00972F67 /* CVCalendarViewPresentationMode.swift */; };
		FF7395391B0C6C0B00972F67 /* CVCalendarWeekContentViewController.swift in Sources */ = {isa = PBXBuildFile; fileRef = FF73951F1B0C6C0B00972F67 /* CVCalendarWeekContentViewController.swift */; };
		FF73953A1B0C6C0B00972F67 /* CVCalendarWeekday.swift in Sources */ = {isa = PBXBuildFile; fileRef = FF7395201B0C6C0B00972F67 /* CVCalendarWeekday.swift */; };
		FF73953B1B0C6C0B00972F67 /* CVCalendarWeekView.swift in Sources */ = {isa = PBXBuildFile; fileRef = FF7395211B0C6C0B00972F67 /* CVCalendarWeekView.swift */; };
		FF73953C1B0C6C0B00972F67 /* CVDate.swift in Sources */ = {isa = PBXBuildFile; fileRef = FF7395221B0C6C0B00972F67 /* CVDate.swift */; };
		FF73953D1B0C6C0B00972F67 /* CVRange.swift in Sources */ = {isa = PBXBuildFile; fileRef = FF7395231B0C6C0B00972F67 /* CVRange.swift */; };
		FF73953E1B0C6C0B00972F67 /* CVScrollDirection.swift in Sources */ = {isa = PBXBuildFile; fileRef = FF7395241B0C6C0B00972F67 /* CVScrollDirection.swift */; };
		FF73953F1B0C6C0B00972F67 /* CVSelectionType.swift in Sources */ = {isa = PBXBuildFile; fileRef = FF7395251B0C6C0B00972F67 /* CVSelectionType.swift */; };
		FF7395401B0C6C0B00972F67 /* CVSet.swift in Sources */ = {isa = PBXBuildFile; fileRef = FF7395261B0C6C0B00972F67 /* CVSet.swift */; };
		FF7395411B0C6C0B00972F67 /* CVShape.swift in Sources */ = {isa = PBXBuildFile; fileRef = FF7395271B0C6C0B00972F67 /* CVShape.swift */; };
		FF7395441B0C70E000972F67 /* CalendarViewController.swift in Sources */ = {isa = PBXBuildFile; fileRef = FF7395431B0C70E000972F67 /* CalendarViewController.swift */; };
		FF75EB251B1C686B00B9B969 /* DiaryTextEntryDetailsViewController.swift in Sources */ = {isa = PBXBuildFile; fileRef = FF75EB241B1C686B00B9B969 /* DiaryTextEntryDetailsViewController.swift */; };
		FF75EB291B1C7AA200B9B969 /* DiaryPictureEntryDetailsViewController.swift in Sources */ = {isa = PBXBuildFile; fileRef = FF75EB281B1C7AA200B9B969 /* DiaryPictureEntryDetailsViewController.swift */; };
		FF75EB2B1B1C7AF300B9B969 /* PictureDiaryEntry.swift in Sources */ = {isa = PBXBuildFile; fileRef = FF75EB2A1B1C7AF300B9B969 /* PictureDiaryEntry.swift */; };
		FF75EB2D1B1EF76B00B9B969 /* EmergencyContactViewController.swift in Sources */ = {isa = PBXBuildFile; fileRef = FF75EB2C1B1EF76B00B9B969 /* EmergencyContactViewController.swift */; };
		FF75EB301B1EFC6A00B9B969 /* ContactCell.swift in Sources */ = {isa = PBXBuildFile; fileRef = FF75EB2F1B1EFC6A00B9B969 /* ContactCell.swift */; };
		FF75EB3A1B1F151800B9B969 /* Annotations.swift in Sources */ = {isa = PBXBuildFile; fileRef = FF75EB321B1F151800B9B969 /* Annotations.swift */; };
		FF75EB3C1B1F151800B9B969 /* LinkCell.swift in Sources */ = {isa = PBXBuildFile; fileRef = FF75EB341B1F151800B9B969 /* LinkCell.swift */; };
		FF75EB3D1B1F151800B9B969 /* ServiceDetailViewController.swift in Sources */ = {isa = PBXBuildFile; fileRef = FF75EB351B1F151800B9B969 /* ServiceDetailViewController.swift */; };
		FF75EB3E1B1F151800B9B969 /* ServicesMapViewController.swift in Sources */ = {isa = PBXBuildFile; fileRef = FF75EB361B1F151800B9B969 /* ServicesMapViewController.swift */; };
		FF75EB3F1B1F151800B9B969 /* SupportTableViewController.swift in Sources */ = {isa = PBXBuildFile; fileRef = FF75EB371B1F151800B9B969 /* SupportTableViewController.swift */; };
		FF75EB401B1F151800B9B969 /* VenueDetailsCell.swift in Sources */ = {isa = PBXBuildFile; fileRef = FF75EB381B1F151800B9B969 /* VenueDetailsCell.swift */; };
		FF75EB411B1F151800B9B969 /* VenueDetailViewController.swift in Sources */ = {isa = PBXBuildFile; fileRef = FF75EB391B1F151800B9B969 /* VenueDetailViewController.swift */; };
		FF8596431AFA1C7D0099DFF8 /* AboutViewController.swift in Sources */ = {isa = PBXBuildFile; fileRef = FF8596421AFA1C7D0099DFF8 /* AboutViewController.swift */; };
		FF8596451AFAA8920099DFF8 /* Dates.swift in Sources */ = {isa = PBXBuildFile; fileRef = FF8596441AFAA8920099DFF8 /* Dates.swift */; };
		FF8596471AFB87320099DFF8 /* MeetingsListViewController.swift in Sources */ = {isa = PBXBuildFile; fileRef = FF8596461AFB87320099DFF8 /* MeetingsListViewController.swift */; };
		FF85965E1AFB8AAB0099DFF8 /* Array.swift in Sources */ = {isa = PBXBuildFile; fileRef = FF85964F1AFB8AAB0099DFF8 /* Array.swift */; };
		FF85965F1AFB8AAB0099DFF8 /* Bool.swift in Sources */ = {isa = PBXBuildFile; fileRef = FF8596501AFB8AAB0099DFF8 /* Bool.swift */; };
		FF8596601AFB8AAB0099DFF8 /* Character.swift in Sources */ = {isa = PBXBuildFile; fileRef = FF8596511AFB8AAB0099DFF8 /* Character.swift */; };
		FF8596611AFB8AAB0099DFF8 /* Dictionary.swift in Sources */ = {isa = PBXBuildFile; fileRef = FF8596521AFB8AAB0099DFF8 /* Dictionary.swift */; };
		FF8596621AFB8AAB0099DFF8 /* Double.swift in Sources */ = {isa = PBXBuildFile; fileRef = FF8596531AFB8AAB0099DFF8 /* Double.swift */; };
		FF8596631AFB8AAB0099DFF8 /* ExSwift.swift in Sources */ = {isa = PBXBuildFile; fileRef = FF8596551AFB8AAB0099DFF8 /* ExSwift.swift */; };
		FF8596641AFB8AAB0099DFF8 /* Float.swift in Sources */ = {isa = PBXBuildFile; fileRef = FF8596561AFB8AAB0099DFF8 /* Float.swift */; };
		FF8596651AFB8AAB0099DFF8 /* Info.plist in Resources */ = {isa = PBXBuildFile; fileRef = FF8596571AFB8AAB0099DFF8 /* Info.plist */; };
		FF8596661AFB8AAB0099DFF8 /* Int.swift in Sources */ = {isa = PBXBuildFile; fileRef = FF8596581AFB8AAB0099DFF8 /* Int.swift */; };
		FF8596671AFB8AAB0099DFF8 /* NSArray.swift in Sources */ = {isa = PBXBuildFile; fileRef = FF8596591AFB8AAB0099DFF8 /* NSArray.swift */; };
		FF8596681AFB8AAB0099DFF8 /* NSDate.swift in Sources */ = {isa = PBXBuildFile; fileRef = FF85965A1AFB8AAB0099DFF8 /* NSDate.swift */; };
		FF8596691AFB8AAB0099DFF8 /* Range.swift in Sources */ = {isa = PBXBuildFile; fileRef = FF85965B1AFB8AAB0099DFF8 /* Range.swift */; };
		FF85966A1AFB8AAB0099DFF8 /* Sequence.swift in Sources */ = {isa = PBXBuildFile; fileRef = FF85965C1AFB8AAB0099DFF8 /* Sequence.swift */; };
		FF85966B1AFB8AAB0099DFF8 /* String.swift in Sources */ = {isa = PBXBuildFile; fileRef = FF85965D1AFB8AAB0099DFF8 /* String.swift */; };
		FF9E9F911AE3E66C00F3516C /* Group.swift in Sources */ = {isa = PBXBuildFile; fileRef = FF9E9F901AE3E66C00F3516C /* Group.swift */; };
		FF9E9F961AE400F200F3516C /* Reachability.swift in Sources */ = {isa = PBXBuildFile; fileRef = FF9E9F951AE400F200F3516C /* Reachability.swift */; };
		FFA45D5A1B09F62E00D05C80 /* Meeting.swift in Sources */ = {isa = PBXBuildFile; fileRef = FFA45D591B09F62E00D05C80 /* Meeting.swift */; };
		FFBB4D601B286F6F00822E5C /* PhotoViewController.swift in Sources */ = {isa = PBXBuildFile; fileRef = FFBB4D5F1B286F6F00822E5C /* PhotoViewController.swift */; };
		FFC2E1B41AFE737700D11DF5 /* ContactListViewController.swift in Sources */ = {isa = PBXBuildFile; fileRef = FFC2E1B31AFE737700D11DF5 /* ContactListViewController.swift */; };
		FFC2E1B61AFE773900D11DF5 /* Contact.swift in Sources */ = {isa = PBXBuildFile; fileRef = FFC2E1B51AFE773900D11DF5 /* Contact.swift */; };
		FFC2E1BA1AFF88F300D11DF5 /* ContactDetailsViewController.swift in Sources */ = {isa = PBXBuildFile; fileRef = FFC2E1B91AFF88F300D11DF5 /* ContactDetailsViewController.swift */; };
		FFC486D51ADFC4D10045C9CE /* Model.swift in Sources */ = {isa = PBXBuildFile; fileRef = FFC486D41ADFC4D10045C9CE /* Model.swift */; };
		FFC486DE1AE045930045C9CE /* QuotesViewController.swift in Sources */ = {isa = PBXBuildFile; fileRef = FFC486DD1AE045930045C9CE /* QuotesViewController.swift */; };
		FFC486E01AE04ADD0045C9CE /* QuotesTableViewCell.swift in Sources */ = {isa = PBXBuildFile; fileRef = FFC486DF1AE04ADD0045C9CE /* QuotesTableViewCell.swift */; };
		FFC486E21AE04CE30045C9CE /* Quote.swift in Sources */ = {isa = PBXBuildFile; fileRef = FFC486E11AE04CE30045C9CE /* Quote.swift */; };
		FFC486E41AE058A80045C9CE /* Colors.swift in Sources */ = {isa = PBXBuildFile; fileRef = FFC486E31AE058A80045C9CE /* Colors.swift */; };
		FFC486E71AE0DF0D0045C9CE /* ActivitiesViewController.swift in Sources */ = {isa = PBXBuildFile; fileRef = FFC486E61AE0DF0D0045C9CE /* ActivitiesViewController.swift */; };
		FFCDAE3C1B1B2E680016614F /* DiaryEntry.swift in Sources */ = {isa = PBXBuildFile; fileRef = FFCDAE3B1B1B2E680016614F /* DiaryEntry.swift */; };
		FFCDAE401B1B2EEA0016614F /* TextDiaryEntry.swift in Sources */ = {isa = PBXBuildFile; fileRef = FFCDAE3F1B1B2EEA0016614F /* TextDiaryEntry.swift */; };
		FFCDAE421B1B68CD0016614F /* DiaryViewController.swift in Sources */ = {isa = PBXBuildFile; fileRef = FFCDAE411B1B68CD0016614F /* DiaryViewController.swift */; };
		FFCDAE451B1B72490016614F /* AddTextEntryViewController.swift in Sources */ = {isa = PBXBuildFile; fileRef = FFCDAE441B1B72490016614F /* AddTextEntryViewController.swift */; };
		FFDAF6FA1B146B6800BC4589 /* MeetingActivity.swift in Sources */ = {isa = PBXBuildFile; fileRef = FFDAF6F91B146B6800BC4589 /* MeetingActivity.swift */; };
		FFDAF6FC1B14713300BC4589 /* ActivityDetailsViewController.swift in Sources */ = {isa = PBXBuildFile; fileRef = FFDAF6FB1B14713300BC4589 /* ActivityDetailsViewController.swift */; };
		FFDAF6FE1B147A5000BC4589 /* CommunityEvent.swift in Sources */ = {isa = PBXBuildFile; fileRef = FFDAF6FD1B147A5000BC4589 /* CommunityEvent.swift */; };
		FFDAF7001B14883300BC4589 /* PersonalActivity.swift in Sources */ = {isa = PBXBuildFile; fileRef = FFDAF6FF1B14883300BC4589 /* PersonalActivity.swift */; };
		FFDAF7031B14D61400BC4589 /* AF+Date+Extension.swift in Sources */ = {isa = PBXBuildFile; fileRef = FFDAF7021B14D61400BC4589 /* AF+Date+Extension.swift */; };
/* End PBXBuildFile section */

/* Begin PBXContainerItemProxy section */
		FF20F0FD1ABAFE79009CDF4D /* PBXContainerItemProxy */ = {
			isa = PBXContainerItemProxy;
			containerPortal = FF20F0DF1ABAFE79009CDF4D /* Project object */;
			proxyType = 1;
			remoteGlobalIDString = FF20F0E61ABAFE79009CDF4D;
			remoteInfo = ACE;
		};
/* End PBXContainerItemProxy section */

/* Begin PBXFileReference section */
		0D867E93193A6488C57F8E6E /* Pods-ACE.release.xcconfig */ = {isa = PBXFileReference; includeInIndex = 1; lastKnownFileType = text.xcconfig; name = "Pods-ACE.release.xcconfig"; path = "Pods/Target Support Files/Pods-ACE/Pods-ACE.release.xcconfig"; sourceTree = "<group>"; };
		37819CA09BCD5962DBBB0793 /* Pods-ACETests.debug.xcconfig */ = {isa = PBXFileReference; includeInIndex = 1; lastKnownFileType = text.xcconfig; name = "Pods-ACETests.debug.xcconfig"; path = "Pods/Target Support Files/Pods-ACETests/Pods-ACETests.debug.xcconfig"; sourceTree = "<group>"; };
		415B8465FEB81F9CA1B3D23D /* Pods-ACE.debug.xcconfig */ = {isa = PBXFileReference; includeInIndex = 1; lastKnownFileType = text.xcconfig; name = "Pods-ACE.debug.xcconfig"; path = "Pods/Target Support Files/Pods-ACE/Pods-ACE.debug.xcconfig"; sourceTree = "<group>"; };
		51A15FD2C54A9B4290DCD6B9 /* Pods_ACETests.framework */ = {isa = PBXFileReference; explicitFileType = wrapper.framework; includeInIndex = 0; path = Pods_ACETests.framework; sourceTree = BUILT_PRODUCTS_DIR; };
		8432260F4345D4716C6ECDDC /* Pods_ACE.framework */ = {isa = PBXFileReference; explicitFileType = wrapper.framework; includeInIndex = 0; path = Pods_ACE.framework; sourceTree = BUILT_PRODUCTS_DIR; };
		E2F0AF1713F10A275D6924AF /* Pods-ACETests.release.xcconfig */ = {isa = PBXFileReference; includeInIndex = 1; lastKnownFileType = text.xcconfig; name = "Pods-ACETests.release.xcconfig"; path = "Pods/Target Support Files/Pods-ACETests/Pods-ACETests.release.xcconfig"; sourceTree = "<group>"; };
		FF0E8C281AF91C1B00B7EC68 /* MeetingsMapViewController.swift */ = {isa = PBXFileReference; fileEncoding = 4; lastKnownFileType = sourcecode.swift; path = MeetingsMapViewController.swift; sourceTree = "<group>"; };
		FF1E1B341B29C43A00A97F12 /* MeetingsListHeader.swift */ = {isa = PBXFileReference; fileEncoding = 4; lastKnownFileType = sourcecode.swift; path = MeetingsListHeader.swift; sourceTree = "<group>"; };
		FF1E1B361B29E34B00A97F12 /* MeetingListCell.swift */ = {isa = PBXFileReference; fileEncoding = 4; lastKnownFileType = sourcecode.swift; path = MeetingListCell.swift; sourceTree = "<group>"; };
		FF1E1B6A1B2A398400A97F12 /* MeetingsDetailViewController.swift */ = {isa = PBXFileReference; fileEncoding = 4; lastKnownFileType = sourcecode.swift; path = MeetingsDetailViewController.swift; sourceTree = "<group>"; };
		FF20F0E71ABAFE79009CDF4D /* ARCE.app */ = {isa = PBXFileReference; explicitFileType = wrapper.application; includeInIndex = 0; path = ARCE.app; sourceTree = BUILT_PRODUCTS_DIR; };
		FF20F0EB1ABAFE79009CDF4D /* Info.plist */ = {isa = PBXFileReference; lastKnownFileType = text.plist.xml; path = Info.plist; sourceTree = "<group>"; };
		FF20F0EC1ABAFE79009CDF4D /* AppDelegate.swift */ = {isa = PBXFileReference; lastKnownFileType = sourcecode.swift; path = AppDelegate.swift; sourceTree = "<group>"; };
		FF20F0F11ABAFE79009CDF4D /* Base */ = {isa = PBXFileReference; lastKnownFileType = file.storyboard; name = Base; path = Base.lproj/Main.storyboard; sourceTree = "<group>"; };
		FF20F0F31ABAFE79009CDF4D /* Images.xcassets */ = {isa = PBXFileReference; lastKnownFileType = folder.assetcatalog; path = Images.xcassets; sourceTree = "<group>"; };
		FF20F0F61ABAFE79009CDF4D /* Base */ = {isa = PBXFileReference; lastKnownFileType = file.xib; name = Base; path = Base.lproj/LaunchScreen.xib; sourceTree = "<group>"; };
		FF20F0FC1ABAFE79009CDF4D /* ARCETests.xctest */ = {isa = PBXFileReference; explicitFileType = wrapper.cfbundle; includeInIndex = 0; path = ARCETests.xctest; sourceTree = BUILT_PRODUCTS_DIR; };
		FF20F1011ABAFE79009CDF4D /* Info.plist */ = {isa = PBXFileReference; lastKnownFileType = text.plist.xml; path = Info.plist; sourceTree = "<group>"; };
		FF20F1021ABAFE79009CDF4D /* ACETests.swift */ = {isa = PBXFileReference; lastKnownFileType = sourcecode.swift; path = ACETests.swift; sourceTree = "<group>"; };
		FF20F10C1ABB8216009CDF4D /* HomeViewController.swift */ = {isa = PBXFileReference; fileEncoding = 4; lastKnownFileType = sourcecode.swift; path = HomeViewController.swift; sourceTree = "<group>"; };
		FF20F10E1ABB855D009CDF4D /* MapKit.framework */ = {isa = PBXFileReference; lastKnownFileType = wrapper.framework; name = MapKit.framework; path = System/Library/Frameworks/MapKit.framework; sourceTree = SDKROOT; };
		FF3754B91B21903800EE1F00 /* HexagonView.swift */ = {isa = PBXFileReference; fileEncoding = 4; lastKnownFileType = sourcecode.swift; path = HexagonView.swift; sourceTree = "<group>"; };
		FF3755501B22DAB200EE1F00 /* NSString+FontAwesomeSwift.swift */ = {isa = PBXFileReference; fileEncoding = 4; lastKnownFileType = sourcecode.swift; path = "NSString+FontAwesomeSwift.swift"; sourceTree = "<group>"; };
		FF3755541B22DCE800EE1F00 /* FontAwesome.otf */ = {isa = PBXFileReference; lastKnownFileType = file; path = FontAwesome.otf; sourceTree = "<group>"; };
		FF44EB2E1ACC9C8D00EA1954 /* Venue.swift */ = {isa = PBXFileReference; fileEncoding = 4; lastKnownFileType = sourcecode.swift; path = Venue.swift; sourceTree = "<group>"; };
		FF44EB301ACC9D0400EA1954 /* Service.swift */ = {isa = PBXFileReference; fileEncoding = 4; lastKnownFileType = sourcecode.swift; path = Service.swift; sourceTree = "<group>"; };
		FF47006A1B0B391A004528EB /* MeetingPickerViewController.swift */ = {isa = PBXFileReference; fileEncoding = 4; lastKnownFileType = sourcecode.swift; path = MeetingPickerViewController.swift; sourceTree = "<group>"; };
		FF54C2DC1AE6A2ED00943B41 /* Strings.swift */ = {isa = PBXFileReference; fileEncoding = 4; lastKnownFileType = sourcecode.swift; path = Strings.swift; sourceTree = "<group>"; };
		FF569F9C1B0E25CA00E26D16 /* Activity.swift */ = {isa = PBXFileReference; fileEncoding = 4; lastKnownFileType = sourcecode.swift; path = Activity.swift; sourceTree = "<group>"; };
		FF5803DD1B04BCAD0030B109 /* MoodMenuViewController.swift */ = {isa = PBXFileReference; fileEncoding = 4; lastKnownFileType = sourcecode.swift; path = MoodMenuViewController.swift; sourceTree = "<group>"; };
		FF5967061B27804F00B149F4 /* Style.swift */ = {isa = PBXFileReference; fileEncoding = 4; lastKnownFileType = sourcecode.swift; path = Style.swift; sourceTree = "<group>"; };
		FF648C8B1AE8CB2400889EA0 /* ExerciseDetailViewController.swift */ = {isa = PBXFileReference; fileEncoding = 4; lastKnownFileType = sourcecode.swift; path = ExerciseDetailViewController.swift; sourceTree = "<group>"; };
		FF648C8D1AE8CC8500889EA0 /* Exercise.swift */ = {isa = PBXFileReference; fileEncoding = 4; lastKnownFileType = sourcecode.swift; path = Exercise.swift; sourceTree = "<group>"; };
		FF648C8F1AE8D97000889EA0 /* ExerciseCell.swift */ = {isa = PBXFileReference; fileEncoding = 4; lastKnownFileType = sourcecode.swift; path = ExerciseCell.swift; sourceTree = "<group>"; };
		FF648C911AE8DA3A00889EA0 /* ExercisesViewController.swift */ = {isa = PBXFileReference; fileEncoding = 4; lastKnownFileType = sourcecode.swift; path = ExercisesViewController.swift; sourceTree = "<group>"; };
		FF73950E1B0C6C0B00972F67 /* CVAuxiliaryView.swift */ = {isa = PBXFileReference; fileEncoding = 4; lastKnownFileType = sourcecode.swift; path = CVAuxiliaryView.swift; sourceTree = "<group>"; };
		FF73950F1B0C6C0B00972F67 /* CVCalendarContentViewController.swift */ = {isa = PBXFileReference; fileEncoding = 4; lastKnownFileType = sourcecode.swift; path = CVCalendarContentViewController.swift; sourceTree = "<group>"; };
		FF7395101B0C6C0B00972F67 /* CVCalendarDayView.swift */ = {isa = PBXFileReference; fileEncoding = 4; lastKnownFileType = sourcecode.swift; path = CVCalendarDayView.swift; sourceTree = "<group>"; };
		FF7395111B0C6C0B00972F67 /* CVCalendarDayViewControlCoordinator.swift */ = {isa = PBXFileReference; fileEncoding = 4; lastKnownFileType = sourcecode.swift; path = CVCalendarDayViewControlCoordinator.swift; sourceTree = "<group>"; };
		FF7395121B0C6C0B00972F67 /* CVCalendarManager.swift */ = {isa = PBXFileReference; fileEncoding = 4; lastKnownFileType = sourcecode.swift; path = CVCalendarManager.swift; sourceTree = "<group>"; };
		FF7395131B0C6C0B00972F67 /* CVCalendarMenuView.swift */ = {isa = PBXFileReference; fileEncoding = 4; lastKnownFileType = sourcecode.swift; path = CVCalendarMenuView.swift; sourceTree = "<group>"; };
		FF7395141B0C6C0B00972F67 /* CVCalendarMenuViewDelegate.swift */ = {isa = PBXFileReference; fileEncoding = 4; lastKnownFileType = sourcecode.swift; path = CVCalendarMenuViewDelegate.swift; sourceTree = "<group>"; };
		FF7395151B0C6C0B00972F67 /* CVCalendarMonthContentViewController.swift */ = {isa = PBXFileReference; fileEncoding = 4; lastKnownFileType = sourcecode.swift; path = CVCalendarMonthContentViewController.swift; sourceTree = "<group>"; };
		FF7395161B0C6C0B00972F67 /* CVCalendarMonthView.swift */ = {isa = PBXFileReference; fileEncoding = 4; lastKnownFileType = sourcecode.swift; path = CVCalendarMonthView.swift; sourceTree = "<group>"; };
		FF7395171B0C6C0B00972F67 /* CVCalendarTouchController.swift */ = {isa = PBXFileReference; fileEncoding = 4; lastKnownFileType = sourcecode.swift; path = CVCalendarTouchController.swift; sourceTree = "<group>"; };
		FF7395181B0C6C0B00972F67 /* CVCalendarView.swift */ = {isa = PBXFileReference; fileEncoding = 4; lastKnownFileType = sourcecode.swift; path = CVCalendarView.swift; sourceTree = "<group>"; };
		FF7395191B0C6C0B00972F67 /* CVCalendarViewAnimator.swift */ = {isa = PBXFileReference; fileEncoding = 4; lastKnownFileType = sourcecode.swift; path = CVCalendarViewAnimator.swift; sourceTree = "<group>"; };
		FF73951A1B0C6C0B00972F67 /* CVCalendarViewAnimatorDelegate.swift */ = {isa = PBXFileReference; fileEncoding = 4; lastKnownFileType = sourcecode.swift; path = CVCalendarViewAnimatorDelegate.swift; sourceTree = "<group>"; };
		FF73951B1B0C6C0B00972F67 /* CVCalendarViewAppearance.swift */ = {isa = PBXFileReference; fileEncoding = 4; lastKnownFileType = sourcecode.swift; path = CVCalendarViewAppearance.swift; sourceTree = "<group>"; };
		FF73951C1B0C6C0B00972F67 /* CVCalendarViewAppearanceDelegate.swift */ = {isa = PBXFileReference; fileEncoding = 4; lastKnownFileType = sourcecode.swift; path = CVCalendarViewAppearanceDelegate.swift; sourceTree = "<group>"; };
		FF73951D1B0C6C0B00972F67 /* CVCalendarViewDelegate.swift */ = {isa = PBXFileReference; fileEncoding = 4; lastKnownFileType = sourcecode.swift; path = CVCalendarViewDelegate.swift; sourceTree = "<group>"; };
		FF73951E1B0C6C0B00972F67 /* CVCalendarViewPresentationMode.swift */ = {isa = PBXFileReference; fileEncoding = 4; lastKnownFileType = sourcecode.swift; path = CVCalendarViewPresentationMode.swift; sourceTree = "<group>"; };
		FF73951F1B0C6C0B00972F67 /* CVCalendarWeekContentViewController.swift */ = {isa = PBXFileReference; fileEncoding = 4; lastKnownFileType = sourcecode.swift; path = CVCalendarWeekContentViewController.swift; sourceTree = "<group>"; };
		FF7395201B0C6C0B00972F67 /* CVCalendarWeekday.swift */ = {isa = PBXFileReference; fileEncoding = 4; lastKnownFileType = sourcecode.swift; path = CVCalendarWeekday.swift; sourceTree = "<group>"; };
		FF7395211B0C6C0B00972F67 /* CVCalendarWeekView.swift */ = {isa = PBXFileReference; fileEncoding = 4; lastKnownFileType = sourcecode.swift; path = CVCalendarWeekView.swift; sourceTree = "<group>"; };
		FF7395221B0C6C0B00972F67 /* CVDate.swift */ = {isa = PBXFileReference; fileEncoding = 4; lastKnownFileType = sourcecode.swift; path = CVDate.swift; sourceTree = "<group>"; };
		FF7395231B0C6C0B00972F67 /* CVRange.swift */ = {isa = PBXFileReference; fileEncoding = 4; lastKnownFileType = sourcecode.swift; path = CVRange.swift; sourceTree = "<group>"; };
		FF7395241B0C6C0B00972F67 /* CVScrollDirection.swift */ = {isa = PBXFileReference; fileEncoding = 4; lastKnownFileType = sourcecode.swift; path = CVScrollDirection.swift; sourceTree = "<group>"; };
		FF7395251B0C6C0B00972F67 /* CVSelectionType.swift */ = {isa = PBXFileReference; fileEncoding = 4; lastKnownFileType = sourcecode.swift; path = CVSelectionType.swift; sourceTree = "<group>"; };
		FF7395261B0C6C0B00972F67 /* CVSet.swift */ = {isa = PBXFileReference; fileEncoding = 4; lastKnownFileType = sourcecode.swift; path = CVSet.swift; sourceTree = "<group>"; };
		FF7395271B0C6C0B00972F67 /* CVShape.swift */ = {isa = PBXFileReference; fileEncoding = 4; lastKnownFileType = sourcecode.swift; path = CVShape.swift; sourceTree = "<group>"; };
		FF7395431B0C70E000972F67 /* CalendarViewController.swift */ = {isa = PBXFileReference; fileEncoding = 4; lastKnownFileType = sourcecode.swift; path = CalendarViewController.swift; sourceTree = "<group>"; };
		FF75EB241B1C686B00B9B969 /* DiaryTextEntryDetailsViewController.swift */ = {isa = PBXFileReference; fileEncoding = 4; lastKnownFileType = sourcecode.swift; path = DiaryTextEntryDetailsViewController.swift; sourceTree = "<group>"; };
		FF75EB281B1C7AA200B9B969 /* DiaryPictureEntryDetailsViewController.swift */ = {isa = PBXFileReference; fileEncoding = 4; lastKnownFileType = sourcecode.swift; path = DiaryPictureEntryDetailsViewController.swift; sourceTree = "<group>"; };
		FF75EB2A1B1C7AF300B9B969 /* PictureDiaryEntry.swift */ = {isa = PBXFileReference; fileEncoding = 4; lastKnownFileType = sourcecode.swift; path = PictureDiaryEntry.swift; sourceTree = "<group>"; };
		FF75EB2C1B1EF76B00B9B969 /* EmergencyContactViewController.swift */ = {isa = PBXFileReference; fileEncoding = 4; lastKnownFileType = sourcecode.swift; name = EmergencyContactViewController.swift; path = ../EmergencyContactViewController.swift; sourceTree = "<group>"; };
		FF75EB2F1B1EFC6A00B9B969 /* ContactCell.swift */ = {isa = PBXFileReference; fileEncoding = 4; lastKnownFileType = sourcecode.swift; path = ContactCell.swift; sourceTree = "<group>"; };
		FF75EB321B1F151800B9B969 /* Annotations.swift */ = {isa = PBXFileReference; fileEncoding = 4; lastKnownFileType = sourcecode.swift; path = Annotations.swift; sourceTree = "<group>"; };
		FF75EB341B1F151800B9B969 /* LinkCell.swift */ = {isa = PBXFileReference; fileEncoding = 4; lastKnownFileType = sourcecode.swift; path = LinkCell.swift; sourceTree = "<group>"; };
		FF75EB351B1F151800B9B969 /* ServiceDetailViewController.swift */ = {isa = PBXFileReference; fileEncoding = 4; lastKnownFileType = sourcecode.swift; path = ServiceDetailViewController.swift; sourceTree = "<group>"; };
		FF75EB361B1F151800B9B969 /* ServicesMapViewController.swift */ = {isa = PBXFileReference; fileEncoding = 4; lastKnownFileType = sourcecode.swift; path = ServicesMapViewController.swift; sourceTree = "<group>"; };
		FF75EB371B1F151800B9B969 /* SupportTableViewController.swift */ = {isa = PBXFileReference; fileEncoding = 4; lastKnownFileType = sourcecode.swift; path = SupportTableViewController.swift; sourceTree = "<group>"; };
		FF75EB381B1F151800B9B969 /* VenueDetailsCell.swift */ = {isa = PBXFileReference; fileEncoding = 4; lastKnownFileType = sourcecode.swift; path = VenueDetailsCell.swift; sourceTree = "<group>"; };
		FF75EB391B1F151800B9B969 /* VenueDetailViewController.swift */ = {isa = PBXFileReference; fileEncoding = 4; lastKnownFileType = sourcecode.swift; path = VenueDetailViewController.swift; sourceTree = "<group>"; };
		FF8596421AFA1C7D0099DFF8 /* AboutViewController.swift */ = {isa = PBXFileReference; fileEncoding = 4; lastKnownFileType = sourcecode.swift; path = AboutViewController.swift; sourceTree = "<group>"; };
		FF8596441AFAA8920099DFF8 /* Dates.swift */ = {isa = PBXFileReference; fileEncoding = 4; lastKnownFileType = sourcecode.swift; path = Dates.swift; sourceTree = "<group>"; };
		FF8596461AFB87320099DFF8 /* MeetingsListViewController.swift */ = {isa = PBXFileReference; fileEncoding = 4; lastKnownFileType = sourcecode.swift; path = MeetingsListViewController.swift; sourceTree = "<group>"; };
		FF85964F1AFB8AAB0099DFF8 /* Array.swift */ = {isa = PBXFileReference; fileEncoding = 4; lastKnownFileType = sourcecode.swift; path = Array.swift; sourceTree = "<group>"; };
		FF8596501AFB8AAB0099DFF8 /* Bool.swift */ = {isa = PBXFileReference; fileEncoding = 4; lastKnownFileType = sourcecode.swift; path = Bool.swift; sourceTree = "<group>"; };
		FF8596511AFB8AAB0099DFF8 /* Character.swift */ = {isa = PBXFileReference; fileEncoding = 4; lastKnownFileType = sourcecode.swift; path = Character.swift; sourceTree = "<group>"; };
		FF8596521AFB8AAB0099DFF8 /* Dictionary.swift */ = {isa = PBXFileReference; fileEncoding = 4; lastKnownFileType = sourcecode.swift; path = Dictionary.swift; sourceTree = "<group>"; };
		FF8596531AFB8AAB0099DFF8 /* Double.swift */ = {isa = PBXFileReference; fileEncoding = 4; lastKnownFileType = sourcecode.swift; path = Double.swift; sourceTree = "<group>"; };
		FF8596541AFB8AAB0099DFF8 /* ExSwift.h */ = {isa = PBXFileReference; fileEncoding = 4; lastKnownFileType = sourcecode.c.h; path = ExSwift.h; sourceTree = "<group>"; };
		FF8596551AFB8AAB0099DFF8 /* ExSwift.swift */ = {isa = PBXFileReference; fileEncoding = 4; lastKnownFileType = sourcecode.swift; path = ExSwift.swift; sourceTree = "<group>"; };
		FF8596561AFB8AAB0099DFF8 /* Float.swift */ = {isa = PBXFileReference; fileEncoding = 4; lastKnownFileType = sourcecode.swift; path = Float.swift; sourceTree = "<group>"; };
		FF8596571AFB8AAB0099DFF8 /* Info.plist */ = {isa = PBXFileReference; fileEncoding = 4; lastKnownFileType = text.plist.xml; path = Info.plist; sourceTree = "<group>"; };
		FF8596581AFB8AAB0099DFF8 /* Int.swift */ = {isa = PBXFileReference; fileEncoding = 4; lastKnownFileType = sourcecode.swift; path = Int.swift; sourceTree = "<group>"; };
		FF8596591AFB8AAB0099DFF8 /* NSArray.swift */ = {isa = PBXFileReference; fileEncoding = 4; lastKnownFileType = sourcecode.swift; path = NSArray.swift; sourceTree = "<group>"; };
		FF85965A1AFB8AAB0099DFF8 /* NSDate.swift */ = {isa = PBXFileReference; fileEncoding = 4; lastKnownFileType = sourcecode.swift; path = NSDate.swift; sourceTree = "<group>"; };
		FF85965B1AFB8AAB0099DFF8 /* Range.swift */ = {isa = PBXFileReference; fileEncoding = 4; lastKnownFileType = sourcecode.swift; path = Range.swift; sourceTree = "<group>"; };
		FF85965C1AFB8AAB0099DFF8 /* Sequence.swift */ = {isa = PBXFileReference; fileEncoding = 4; lastKnownFileType = sourcecode.swift; path = Sequence.swift; sourceTree = "<group>"; };
		FF85965D1AFB8AAB0099DFF8 /* String.swift */ = {isa = PBXFileReference; fileEncoding = 4; lastKnownFileType = sourcecode.swift; path = String.swift; sourceTree = "<group>"; };
		FF9E9F901AE3E66C00F3516C /* Group.swift */ = {isa = PBXFileReference; fileEncoding = 4; lastKnownFileType = sourcecode.swift; path = Group.swift; sourceTree = "<group>"; };
		FF9E9F951AE400F200F3516C /* Reachability.swift */ = {isa = PBXFileReference; fileEncoding = 4; lastKnownFileType = sourcecode.swift; path = Reachability.swift; sourceTree = "<group>"; };
		FFA45D591B09F62E00D05C80 /* Meeting.swift */ = {isa = PBXFileReference; fileEncoding = 4; lastKnownFileType = sourcecode.swift; path = Meeting.swift; sourceTree = "<group>"; };
		FFBB4D5F1B286F6F00822E5C /* PhotoViewController.swift */ = {isa = PBXFileReference; fileEncoding = 4; lastKnownFileType = sourcecode.swift; path = PhotoViewController.swift; sourceTree = "<group>"; };
		FFC2E1B31AFE737700D11DF5 /* ContactListViewController.swift */ = {isa = PBXFileReference; fileEncoding = 4; lastKnownFileType = sourcecode.swift; path = ContactListViewController.swift; sourceTree = "<group>"; };
		FFC2E1B51AFE773900D11DF5 /* Contact.swift */ = {isa = PBXFileReference; fileEncoding = 4; lastKnownFileType = sourcecode.swift; path = Contact.swift; sourceTree = "<group>"; };
		FFC2E1B91AFF88F300D11DF5 /* ContactDetailsViewController.swift */ = {isa = PBXFileReference; fileEncoding = 4; lastKnownFileType = sourcecode.swift; path = ContactDetailsViewController.swift; sourceTree = "<group>"; };
		FFC486D41ADFC4D10045C9CE /* Model.swift */ = {isa = PBXFileReference; fileEncoding = 4; lastKnownFileType = sourcecode.swift; path = Model.swift; sourceTree = "<group>"; };
		FFC486DD1AE045930045C9CE /* QuotesViewController.swift */ = {isa = PBXFileReference; fileEncoding = 4; lastKnownFileType = sourcecode.swift; path = QuotesViewController.swift; sourceTree = "<group>"; };
		FFC486DF1AE04ADD0045C9CE /* QuotesTableViewCell.swift */ = {isa = PBXFileReference; fileEncoding = 4; lastKnownFileType = sourcecode.swift; path = QuotesTableViewCell.swift; sourceTree = "<group>"; };
		FFC486E11AE04CE30045C9CE /* Quote.swift */ = {isa = PBXFileReference; fileEncoding = 4; lastKnownFileType = sourcecode.swift; path = Quote.swift; sourceTree = "<group>"; };
		FFC486E31AE058A80045C9CE /* Colors.swift */ = {isa = PBXFileReference; fileEncoding = 4; lastKnownFileType = sourcecode.swift; path = Colors.swift; sourceTree = "<group>"; };
		FFC486E61AE0DF0D0045C9CE /* ActivitiesViewController.swift */ = {isa = PBXFileReference; fileEncoding = 4; lastKnownFileType = sourcecode.swift; path = ActivitiesViewController.swift; sourceTree = "<group>"; };
		FFCDAE3B1B1B2E680016614F /* DiaryEntry.swift */ = {isa = PBXFileReference; fileEncoding = 4; lastKnownFileType = sourcecode.swift; path = DiaryEntry.swift; sourceTree = "<group>"; };
		FFCDAE3F1B1B2EEA0016614F /* TextDiaryEntry.swift */ = {isa = PBXFileReference; fileEncoding = 4; lastKnownFileType = sourcecode.swift; path = TextDiaryEntry.swift; sourceTree = "<group>"; };
		FFCDAE411B1B68CD0016614F /* DiaryViewController.swift */ = {isa = PBXFileReference; fileEncoding = 4; lastKnownFileType = sourcecode.swift; path = DiaryViewController.swift; sourceTree = "<group>"; };
		FFCDAE441B1B72490016614F /* AddTextEntryViewController.swift */ = {isa = PBXFileReference; fileEncoding = 4; lastKnownFileType = sourcecode.swift; path = AddTextEntryViewController.swift; sourceTree = "<group>"; };
		FFDAF6F91B146B6800BC4589 /* MeetingActivity.swift */ = {isa = PBXFileReference; fileEncoding = 4; lastKnownFileType = sourcecode.swift; path = MeetingActivity.swift; sourceTree = "<group>"; };
		FFDAF6FB1B14713300BC4589 /* ActivityDetailsViewController.swift */ = {isa = PBXFileReference; fileEncoding = 4; lastKnownFileType = sourcecode.swift; path = ActivityDetailsViewController.swift; sourceTree = "<group>"; };
		FFDAF6FD1B147A5000BC4589 /* CommunityEvent.swift */ = {isa = PBXFileReference; fileEncoding = 4; lastKnownFileType = sourcecode.swift; path = CommunityEvent.swift; sourceTree = "<group>"; };
		FFDAF6FF1B14883300BC4589 /* PersonalActivity.swift */ = {isa = PBXFileReference; fileEncoding = 4; lastKnownFileType = sourcecode.swift; path = PersonalActivity.swift; sourceTree = "<group>"; };
		FFDAF7021B14D61400BC4589 /* AF+Date+Extension.swift */ = {isa = PBXFileReference; fileEncoding = 4; lastKnownFileType = sourcecode.swift; path = "AF+Date+Extension.swift"; sourceTree = "<group>"; };
/* End PBXFileReference section */

/* Begin PBXFrameworksBuildPhase section */
		FF20F0E41ABAFE79009CDF4D /* Frameworks */ = {
			isa = PBXFrameworksBuildPhase;
			buildActionMask = 2147483647;
			files = (
				FF20F10F1ABB855D009CDF4D /* MapKit.framework in Frameworks */,
				DF4E1D7BC77A618CBDADD76C /* Pods_ACE.framework in Frameworks */,
			);
			runOnlyForDeploymentPostprocessing = 0;
		};
		FF20F0F91ABAFE79009CDF4D /* Frameworks */ = {
			isa = PBXFrameworksBuildPhase;
			buildActionMask = 2147483647;
			files = (
				65881A25513A054C4281539A /* Pods_ACETests.framework in Frameworks */,
			);
			runOnlyForDeploymentPostprocessing = 0;
		};
/* End PBXFrameworksBuildPhase section */

/* Begin PBXGroup section */
		EC95499243A72577CEB33F0E /* Frameworks */ = {
			isa = PBXGroup;
			children = (
				FF20F10E1ABB855D009CDF4D /* MapKit.framework */,
				8432260F4345D4716C6ECDDC /* Pods_ACE.framework */,
				51A15FD2C54A9B4290DCD6B9 /* Pods_ACETests.framework */,
			);
			name = Frameworks;
			sourceTree = "<group>";
		};
		F8B5B0E365004DF3C1C0C960 /* Pods */ = {
			isa = PBXGroup;
			children = (
				415B8465FEB81F9CA1B3D23D /* Pods-ACE.debug.xcconfig */,
				0D867E93193A6488C57F8E6E /* Pods-ACE.release.xcconfig */,
				37819CA09BCD5962DBBB0793 /* Pods-ACETests.debug.xcconfig */,
				E2F0AF1713F10A275D6924AF /* Pods-ACETests.release.xcconfig */,
			);
			name = Pods;
			sourceTree = "<group>";
		};
		FF0E8C271AF91BF500B7EC68 /* Meetings */ = {
			isa = PBXGroup;
			children = (
				FF0E8C281AF91C1B00B7EC68 /* MeetingsMapViewController.swift */,
				FF8596461AFB87320099DFF8 /* MeetingsListViewController.swift */,
				FF47006A1B0B391A004528EB /* MeetingPickerViewController.swift */,
				FF1E1B341B29C43A00A97F12 /* MeetingsListHeader.swift */,
				FF1E1B361B29E34B00A97F12 /* MeetingListCell.swift */,
				FF1E1B6A1B2A398400A97F12 /* MeetingsDetailViewController.swift */,
			);
			name = Meetings;
			sourceTree = "<group>";
		};
		FF20F0DE1ABAFE79009CDF4D = {
			isa = PBXGroup;
			children = (
				FF20F0E91ABAFE79009CDF4D /* ACE */,
				FF20F0FF1ABAFE79009CDF4D /* ACETests */,
				FF20F0E81ABAFE79009CDF4D /* Products */,
				EC95499243A72577CEB33F0E /* Frameworks */,
				F8B5B0E365004DF3C1C0C960 /* Pods */,
			);
			sourceTree = "<group>";
		};
		FF20F0E81ABAFE79009CDF4D /* Products */ = {
			isa = PBXGroup;
			children = (
				FF20F0E71ABAFE79009CDF4D /* ARCE.app */,
				FF20F0FC1ABAFE79009CDF4D /* ARCETests.xctest */,
			);
			name = Products;
			sourceTree = "<group>";
		};
		FF20F0E91ABAFE79009CDF4D /* ACE */ = {
			isa = PBXGroup;
			children = (
				FF6ACA8C1B25CEC9004FA163 /* Theme */,
				FF75EB311B1F14E500B9B969 /* Support */,
				FF75EB2E1B1EFC2500B9B969 /* Emergency */,
				FF7395421B0C6C2400972F67 /* Lib */,
				FFD93A2F1B0A47A8003534C0 /* Calendar */,
				FF8596411AFA1C670099DFF8 /* About */,
				FF0E8C271AF91BF500B7EC68 /* Meetings */,
				FFCDAE431B1B6D4D0016614F /* Diary */,
				FF9E9F941AE400D700F3516C /* Util */,
				FFC486D81AE029360045C9CE /* Mood */,
				FF44EB2D1ACC9C7A00EA1954 /* Model */,
				FF20F0EC1ABAFE79009CDF4D /* AppDelegate.swift */,
				FF20F0F01ABAFE79009CDF4D /* Main.storyboard */,
				FF20F0F31ABAFE79009CDF4D /* Images.xcassets */,
				FF20F0F51ABAFE79009CDF4D /* LaunchScreen.xib */,
				FF20F0EA1ABAFE79009CDF4D /* Supporting Files */,
				FF3754B81B21902200EE1F00 /* Home */,
			);
			path = ACE;
			sourceTree = "<group>";
		};
		FF20F0EA1ABAFE79009CDF4D /* Supporting Files */ = {
			isa = PBXGroup;
			children = (
				FF3755541B22DCE800EE1F00 /* FontAwesome.otf */,
				FF20F0EB1ABAFE79009CDF4D /* Info.plist */,
			);
			name = "Supporting Files";
			sourceTree = "<group>";
		};
		FF20F0FF1ABAFE79009CDF4D /* ACETests */ = {
			isa = PBXGroup;
			children = (
				FF20F1021ABAFE79009CDF4D /* ACETests.swift */,
				FF20F1001ABAFE79009CDF4D /* Supporting Files */,
			);
			path = ACETests;
			sourceTree = "<group>";
		};
		FF20F1001ABAFE79009CDF4D /* Supporting Files */ = {
			isa = PBXGroup;
			children = (
				FF20F1011ABAFE79009CDF4D /* Info.plist */,
			);
			name = "Supporting Files";
			sourceTree = "<group>";
		};
		FF3754B81B21902200EE1F00 /* Home */ = {
			isa = PBXGroup;
			children = (
				FF20F10C1ABB8216009CDF4D /* HomeViewController.swift */,
				FF3754B91B21903800EE1F00 /* HexagonView.swift */,
			);
			name = Home;
			sourceTree = "<group>";
		};
		FF3755531B22DC5000EE1F00 /* FontAwesome */ = {
			isa = PBXGroup;
			children = (
				FF3755501B22DAB200EE1F00 /* NSString+FontAwesomeSwift.swift */,
			);
			name = FontAwesome;
			sourceTree = "<group>";
		};
		FF44EB2D1ACC9C7A00EA1954 /* Model */ = {
			isa = PBXGroup;
			children = (
				FFCDAE3A1B1B2E500016614F /* Diary */,
				FF73950A1B0B7AF400972F67 /* Calendar */,
				FF7395091B0B7ADF00972F67 /* Support */,
				FFC486D41ADFC4D10045C9CE /* Model.swift */,
				FFC486E31AE058A80045C9CE /* Colors.swift */,
				FFC2E1B51AFE773900D11DF5 /* Contact.swift */,
			);
			name = Model;
			sourceTree = "<group>";
		};
		FF6ACA8C1B25CEC9004FA163 /* Theme */ = {
			isa = PBXGroup;
			children = (
				FF5967061B27804F00B149F4 /* Style.swift */,
			);
			name = Theme;
			sourceTree = "<group>";
		};
		FF7395091B0B7ADF00972F67 /* Support */ = {
			isa = PBXGroup;
			children = (
				FF9E9F901AE3E66C00F3516C /* Group.swift */,
				FFA45D591B09F62E00D05C80 /* Meeting.swift */,
				FF44EB2E1ACC9C8D00EA1954 /* Venue.swift */,
				FF44EB301ACC9D0400EA1954 /* Service.swift */,
			);
			name = Support;
			sourceTree = "<group>";
		};
		FF73950A1B0B7AF400972F67 /* Calendar */ = {
			isa = PBXGroup;
			children = (
				FF569F9C1B0E25CA00E26D16 /* Activity.swift */,
				FFDAF6F91B146B6800BC4589 /* MeetingActivity.swift */,
				FFDAF6FD1B147A5000BC4589 /* CommunityEvent.swift */,
				FFDAF6FF1B14883300BC4589 /* PersonalActivity.swift */,
			);
			name = Calendar;
			sourceTree = "<group>";
		};
		FF73950D1B0C6C0B00972F67 /* CVCalendar */ = {
			isa = PBXGroup;
			children = (
				FF73950E1B0C6C0B00972F67 /* CVAuxiliaryView.swift */,
				FF73950F1B0C6C0B00972F67 /* CVCalendarContentViewController.swift */,
				FF7395101B0C6C0B00972F67 /* CVCalendarDayView.swift */,
				FF7395111B0C6C0B00972F67 /* CVCalendarDayViewControlCoordinator.swift */,
				FF7395121B0C6C0B00972F67 /* CVCalendarManager.swift */,
				FF7395131B0C6C0B00972F67 /* CVCalendarMenuView.swift */,
				FF7395141B0C6C0B00972F67 /* CVCalendarMenuViewDelegate.swift */,
				FF7395151B0C6C0B00972F67 /* CVCalendarMonthContentViewController.swift */,
				FF7395161B0C6C0B00972F67 /* CVCalendarMonthView.swift */,
				FF7395171B0C6C0B00972F67 /* CVCalendarTouchController.swift */,
				FF7395181B0C6C0B00972F67 /* CVCalendarView.swift */,
				FF7395191B0C6C0B00972F67 /* CVCalendarViewAnimator.swift */,
				FF73951A1B0C6C0B00972F67 /* CVCalendarViewAnimatorDelegate.swift */,
				FF73951B1B0C6C0B00972F67 /* CVCalendarViewAppearance.swift */,
				FF73951C1B0C6C0B00972F67 /* CVCalendarViewAppearanceDelegate.swift */,
				FF73951D1B0C6C0B00972F67 /* CVCalendarViewDelegate.swift */,
				FF73951E1B0C6C0B00972F67 /* CVCalendarViewPresentationMode.swift */,
				FF73951F1B0C6C0B00972F67 /* CVCalendarWeekContentViewController.swift */,
				FF7395201B0C6C0B00972F67 /* CVCalendarWeekday.swift */,
				FF7395211B0C6C0B00972F67 /* CVCalendarWeekView.swift */,
				FF7395221B0C6C0B00972F67 /* CVDate.swift */,
				FF7395231B0C6C0B00972F67 /* CVRange.swift */,
				FF7395241B0C6C0B00972F67 /* CVScrollDirection.swift */,
				FF7395251B0C6C0B00972F67 /* CVSelectionType.swift */,
				FF7395261B0C6C0B00972F67 /* CVSet.swift */,
				FF7395271B0C6C0B00972F67 /* CVShape.swift */,
			);
			path = CVCalendar;
			sourceTree = "<group>";
		};
		FF7395421B0C6C2400972F67 /* Lib */ = {
			isa = PBXGroup;
			children = (
				FF3755531B22DC5000EE1F00 /* FontAwesome */,
				FFDAF7011B14D60800BC4589 /* AFDateExtension */,
				FF73950D1B0C6C0B00972F67 /* CVCalendar */,
				FF85964E1AFB8AAB0099DFF8 /* ExSwift */,
			);
			name = Lib;
			sourceTree = "<group>";
		};
		FF75EB2E1B1EFC2500B9B969 /* Emergency */ = {
			isa = PBXGroup;
			children = (
				FF75EB2C1B1EF76B00B9B969 /* EmergencyContactViewController.swift */,
				FF75EB2F1B1EFC6A00B9B969 /* ContactCell.swift */,
			);
			name = Emergency;
			sourceTree = "<group>";
		};
		FF75EB311B1F14E500B9B969 /* Support */ = {
			isa = PBXGroup;
			children = (
				FF75EB321B1F151800B9B969 /* Annotations.swift */,
				FF75EB341B1F151800B9B969 /* LinkCell.swift */,
				FF75EB351B1F151800B9B969 /* ServiceDetailViewController.swift */,
				FF75EB361B1F151800B9B969 /* ServicesMapViewController.swift */,
				FF75EB371B1F151800B9B969 /* SupportTableViewController.swift */,
				FF75EB381B1F151800B9B969 /* VenueDetailsCell.swift */,
				FF75EB391B1F151800B9B969 /* VenueDetailViewController.swift */,
			);
			name = Support;
			sourceTree = "<group>";
		};
		FF8596411AFA1C670099DFF8 /* About */ = {
			isa = PBXGroup;
			children = (
				FF8596421AFA1C7D0099DFF8 /* AboutViewController.swift */,
				FFC2E1B31AFE737700D11DF5 /* ContactListViewController.swift */,
				FFC2E1B91AFF88F300D11DF5 /* ContactDetailsViewController.swift */,
				FFBB4D5F1B286F6F00822E5C /* PhotoViewController.swift */,
			);
			name = About;
			sourceTree = "<group>";
		};
		FF85964E1AFB8AAB0099DFF8 /* ExSwift */ = {
			isa = PBXGroup;
			children = (
				FF85964F1AFB8AAB0099DFF8 /* Array.swift */,
				FF8596501AFB8AAB0099DFF8 /* Bool.swift */,
				FF8596511AFB8AAB0099DFF8 /* Character.swift */,
				FF8596521AFB8AAB0099DFF8 /* Dictionary.swift */,
				FF8596531AFB8AAB0099DFF8 /* Double.swift */,
				FF8596541AFB8AAB0099DFF8 /* ExSwift.h */,
				FF8596551AFB8AAB0099DFF8 /* ExSwift.swift */,
				FF8596561AFB8AAB0099DFF8 /* Float.swift */,
				FF8596571AFB8AAB0099DFF8 /* Info.plist */,
				FF8596581AFB8AAB0099DFF8 /* Int.swift */,
				FF8596591AFB8AAB0099DFF8 /* NSArray.swift */,
				FF85965A1AFB8AAB0099DFF8 /* NSDate.swift */,
				FF85965B1AFB8AAB0099DFF8 /* Range.swift */,
				FF85965C1AFB8AAB0099DFF8 /* Sequence.swift */,
				FF85965D1AFB8AAB0099DFF8 /* String.swift */,
			);
			path = ExSwift;
			sourceTree = "<group>";
		};
		FF9E9F941AE400D700F3516C /* Util */ = {
			isa = PBXGroup;
			children = (
				FF9E9F951AE400F200F3516C /* Reachability.swift */,
				FF54C2DC1AE6A2ED00943B41 /* Strings.swift */,
				FF8596441AFAA8920099DFF8 /* Dates.swift */,
			);
			name = Util;
			sourceTree = "<group>";
		};
		FFC486D81AE029360045C9CE /* Mood */ = {
			isa = PBXGroup;
			children = (
				FFC486DD1AE045930045C9CE /* QuotesViewController.swift */,
				FFC486DF1AE04ADD0045C9CE /* QuotesTableViewCell.swift */,
				FFC486E11AE04CE30045C9CE /* Quote.swift */,
				FFC486E61AE0DF0D0045C9CE /* ActivitiesViewController.swift */,
				FF648C8B1AE8CB2400889EA0 /* ExerciseDetailViewController.swift */,
				FF648C8D1AE8CC8500889EA0 /* Exercise.swift */,
				FF648C8F1AE8D97000889EA0 /* ExerciseCell.swift */,
				FF648C911AE8DA3A00889EA0 /* ExercisesViewController.swift */,
				FF5803DD1B04BCAD0030B109 /* MoodMenuViewController.swift */,
			);
			name = Mood;
			sourceTree = "<group>";
		};
		FFCDAE3A1B1B2E500016614F /* Diary */ = {
			isa = PBXGroup;
			children = (
				FFCDAE3B1B1B2E680016614F /* DiaryEntry.swift */,
				FFCDAE3F1B1B2EEA0016614F /* TextDiaryEntry.swift */,
				FF75EB2A1B1C7AF300B9B969 /* PictureDiaryEntry.swift */,
			);
			name = Diary;
			sourceTree = "<group>";
		};
		FFCDAE431B1B6D4D0016614F /* Diary */ = {
			isa = PBXGroup;
			children = (
				FFCDAE411B1B68CD0016614F /* DiaryViewController.swift */,
				FFCDAE441B1B72490016614F /* AddTextEntryViewController.swift */,
				FF75EB241B1C686B00B9B969 /* DiaryTextEntryDetailsViewController.swift */,
				FF75EB281B1C7AA200B9B969 /* DiaryPictureEntryDetailsViewController.swift */,
			);
			name = Diary;
			sourceTree = "<group>";
		};
		FFD93A2F1B0A47A8003534C0 /* Calendar */ = {
			isa = PBXGroup;
			children = (
				FF7395431B0C70E000972F67 /* CalendarViewController.swift */,
				FFDAF6FB1B14713300BC4589 /* ActivityDetailsViewController.swift */,
			);
			name = Calendar;
			sourceTree = "<group>";
		};
		FFDAF7011B14D60800BC4589 /* AFDateExtension */ = {
			isa = PBXGroup;
			children = (
				FFDAF7021B14D61400BC4589 /* AF+Date+Extension.swift */,
			);
			name = AFDateExtension;
			sourceTree = "<group>";
		};
/* End PBXGroup section */

/* Begin PBXNativeTarget section */
		FF20F0E61ABAFE79009CDF4D /* ARCE */ = {
			isa = PBXNativeTarget;
			buildConfigurationList = FF20F1061ABAFE79009CDF4D /* Build configuration list for PBXNativeTarget "ARCE" */;
			buildPhases = (
				BA0C625B6712C461764A6568 /* Check Pods Manifest.lock */,
				FF20F0E31ABAFE79009CDF4D /* Sources */,
				FF20F0E41ABAFE79009CDF4D /* Frameworks */,
				FF20F0E51ABAFE79009CDF4D /* Resources */,
				C3B9DD7F2E9E938FD91BE93E /* Embed Pods Frameworks */,
				5C98E1D4A1C09B254B5F8807 /* Copy Pods Resources */,
			);
			buildRules = (
			);
			dependencies = (
			);
			name = ARCE;
			productName = ACE;
			productReference = FF20F0E71ABAFE79009CDF4D /* ARCE.app */;
			productType = "com.apple.product-type.application";
		};
		FF20F0FB1ABAFE79009CDF4D /* ARCETests */ = {
			isa = PBXNativeTarget;
			buildConfigurationList = FF20F1091ABAFE79009CDF4D /* Build configuration list for PBXNativeTarget "ARCETests" */;
			buildPhases = (
				8294593F73B7C89FA905B4D6 /* Check Pods Manifest.lock */,
				FF20F0F81ABAFE79009CDF4D /* Sources */,
				FF20F0F91ABAFE79009CDF4D /* Frameworks */,
				FF20F0FA1ABAFE79009CDF4D /* Resources */,
				70DD871C79AC08C8D4FD6D30 /* Embed Pods Frameworks */,
				EA135C15A0967756A61A8EF2 /* Copy Pods Resources */,
			);
			buildRules = (
			);
			dependencies = (
				FF20F0FE1ABAFE79009CDF4D /* PBXTargetDependency */,
			);
			name = ARCETests;
			productName = ACETests;
			productReference = FF20F0FC1ABAFE79009CDF4D /* ARCETests.xctest */;
			productType = "com.apple.product-type.bundle.unit-test";
		};
/* End PBXNativeTarget section */

/* Begin PBXProject section */
		FF20F0DF1ABAFE79009CDF4D /* Project object */ = {
			isa = PBXProject;
			attributes = {
				LastUpgradeCheck = 0620;
				ORGANIZATIONNAME = "David Morrison";
				TargetAttributes = {
					FF20F0E61ABAFE79009CDF4D = {
						CreatedOnToolsVersion = 6.2;
						DevelopmentTeam = DUAC26JHWC;
					};
					FF20F0FB1ABAFE79009CDF4D = {
						CreatedOnToolsVersion = 6.2;
						TestTargetID = FF20F0E61ABAFE79009CDF4D;
					};
				};
			};
			buildConfigurationList = FF20F0E21ABAFE79009CDF4D /* Build configuration list for PBXProject "ARCE" */;
			compatibilityVersion = "Xcode 3.2";
			developmentRegion = English;
			hasScannedForEncodings = 0;
			knownRegions = (
				en,
				Base,
			);
			mainGroup = FF20F0DE1ABAFE79009CDF4D;
			productRefGroup = FF20F0E81ABAFE79009CDF4D /* Products */;
			projectDirPath = "";
			projectRoot = "";
			targets = (
				FF20F0E61ABAFE79009CDF4D /* ARCE */,
				FF20F0FB1ABAFE79009CDF4D /* ARCETests */,
			);
		};
/* End PBXProject section */

/* Begin PBXResourcesBuildPhase section */
		FF20F0E51ABAFE79009CDF4D /* Resources */ = {
			isa = PBXResourcesBuildPhase;
			buildActionMask = 2147483647;
			files = (
				FF8596651AFB8AAB0099DFF8 /* Info.plist in Resources */,
				FF3755551B22DCE800EE1F00 /* FontAwesome.otf in Resources */,
				FF20F0F21ABAFE79009CDF4D /* Main.storyboard in Resources */,
				FF20F0F71ABAFE79009CDF4D /* LaunchScreen.xib in Resources */,
				FF20F0F41ABAFE79009CDF4D /* Images.xcassets in Resources */,
			);
			runOnlyForDeploymentPostprocessing = 0;
		};
		FF20F0FA1ABAFE79009CDF4D /* Resources */ = {
			isa = PBXResourcesBuildPhase;
			buildActionMask = 2147483647;
			files = (
				FF3755561B22DCE800EE1F00 /* FontAwesome.otf in Resources */,
			);
			runOnlyForDeploymentPostprocessing = 0;
		};
/* End PBXResourcesBuildPhase section */

/* Begin PBXShellScriptBuildPhase section */
		5C98E1D4A1C09B254B5F8807 /* Copy Pods Resources */ = {
			isa = PBXShellScriptBuildPhase;
			buildActionMask = 2147483647;
			files = (
			);
			inputPaths = (
			);
			name = "Copy Pods Resources";
			outputPaths = (
			);
			runOnlyForDeploymentPostprocessing = 0;
			shellPath = /bin/sh;
			shellScript = "\"${SRCROOT}/Pods/Target Support Files/Pods-ACE/Pods-ACE-resources.sh\"\n";
			showEnvVarsInLog = 0;
		};
		70DD871C79AC08C8D4FD6D30 /* Embed Pods Frameworks */ = {
			isa = PBXShellScriptBuildPhase;
			buildActionMask = 2147483647;
			files = (
			);
			inputPaths = (
			);
			name = "Embed Pods Frameworks";
			outputPaths = (
			);
			runOnlyForDeploymentPostprocessing = 0;
			shellPath = /bin/sh;
			shellScript = "\"${SRCROOT}/Pods/Target Support Files/Pods-ACETests/Pods-ACETests-frameworks.sh\"\n";
			showEnvVarsInLog = 0;
		};
		8294593F73B7C89FA905B4D6 /* Check Pods Manifest.lock */ = {
			isa = PBXShellScriptBuildPhase;
			buildActionMask = 2147483647;
			files = (
			);
			inputPaths = (
			);
			name = "Check Pods Manifest.lock";
			outputPaths = (
			);
			runOnlyForDeploymentPostprocessing = 0;
			shellPath = /bin/sh;
			shellScript = "diff \"${PODS_ROOT}/../Podfile.lock\" \"${PODS_ROOT}/Manifest.lock\" > /dev/null\nif [[ $? != 0 ]] ; then\n    cat << EOM\nerror: The sandbox is not in sync with the Podfile.lock. Run 'pod install' or update your CocoaPods installation.\nEOM\n    exit 1\nfi\n";
			showEnvVarsInLog = 0;
		};
		BA0C625B6712C461764A6568 /* Check Pods Manifest.lock */ = {
			isa = PBXShellScriptBuildPhase;
			buildActionMask = 2147483647;
			files = (
			);
			inputPaths = (
			);
			name = "Check Pods Manifest.lock";
			outputPaths = (
			);
			runOnlyForDeploymentPostprocessing = 0;
			shellPath = /bin/sh;
			shellScript = "diff \"${PODS_ROOT}/../Podfile.lock\" \"${PODS_ROOT}/Manifest.lock\" > /dev/null\nif [[ $? != 0 ]] ; then\n    cat << EOM\nerror: The sandbox is not in sync with the Podfile.lock. Run 'pod install' or update your CocoaPods installation.\nEOM\n    exit 1\nfi\n";
			showEnvVarsInLog = 0;
		};
		C3B9DD7F2E9E938FD91BE93E /* Embed Pods Frameworks */ = {
			isa = PBXShellScriptBuildPhase;
			buildActionMask = 2147483647;
			files = (
			);
			inputPaths = (
			);
			name = "Embed Pods Frameworks";
			outputPaths = (
			);
			runOnlyForDeploymentPostprocessing = 0;
			shellPath = /bin/sh;
			shellScript = "\"${SRCROOT}/Pods/Target Support Files/Pods-ACE/Pods-ACE-frameworks.sh\"\n";
			showEnvVarsInLog = 0;
		};
		EA135C15A0967756A61A8EF2 /* Copy Pods Resources */ = {
			isa = PBXShellScriptBuildPhase;
			buildActionMask = 2147483647;
			files = (
			);
			inputPaths = (
			);
			name = "Copy Pods Resources";
			outputPaths = (
			);
			runOnlyForDeploymentPostprocessing = 0;
			shellPath = /bin/sh;
			shellScript = "\"${SRCROOT}/Pods/Target Support Files/Pods-ACETests/Pods-ACETests-resources.sh\"\n";
			showEnvVarsInLog = 0;
		};
/* End PBXShellScriptBuildPhase section */

/* Begin PBXSourcesBuildPhase section */
		FF20F0E31ABAFE79009CDF4D /* Sources */ = {
			isa = PBXSourcesBuildPhase;
			buildActionMask = 2147483647;
			files = (
				FF73952F1B0C6C0B00972F67 /* CVCalendarMonthContentViewController.swift in Sources */,
				FFA45D5A1B09F62E00D05C80 /* Meeting.swift in Sources */,
				FF47006B1B0B391A004528EB /* MeetingPickerViewController.swift in Sources */,
				FF75EB291B1C7AA200B9B969 /* DiaryPictureEntryDetailsViewController.swift in Sources */,
				FFCDAE421B1B68CD0016614F /* DiaryViewController.swift in Sources */,
				FF8596671AFB8AAB0099DFF8 /* NSArray.swift in Sources */,
				FFC2E1B61AFE773900D11DF5 /* Contact.swift in Sources */,
				FF75EB251B1C686B00B9B969 /* DiaryTextEntryDetailsViewController.swift in Sources */,
				FF9E9F961AE400F200F3516C /* Reachability.swift in Sources */,
				FF75EB3F1B1F151800B9B969 /* SupportTableViewController.swift in Sources */,
				FF7395321B0C6C0B00972F67 /* CVCalendarView.swift in Sources */,
				FFC486E01AE04ADD0045C9CE /* QuotesTableViewCell.swift in Sources */,
				FFC2E1B41AFE737700D11DF5 /* ContactListViewController.swift in Sources */,
				FF73952B1B0C6C0B00972F67 /* CVCalendarDayViewControlCoordinator.swift in Sources */,
				FF8596631AFB8AAB0099DFF8 /* ExSwift.swift in Sources */,
				FFBB4D601B286F6F00822E5C /* PhotoViewController.swift in Sources */,
				FF73953E1B0C6C0B00972F67 /* CVScrollDirection.swift in Sources */,
				FFC486E41AE058A80045C9CE /* Colors.swift in Sources */,
				FF3755511B22DAB200EE1F00 /* NSString+FontAwesomeSwift.swift in Sources */,
				FF5803DE1B04BCAD0030B109 /* MoodMenuViewController.swift in Sources */,
				FFDAF7001B14883300BC4589 /* PersonalActivity.swift in Sources */,
				FF7395381B0C6C0B00972F67 /* CVCalendarViewPresentationMode.swift in Sources */,
				FF85965E1AFB8AAB0099DFF8 /* Array.swift in Sources */,
				FF7395351B0C6C0B00972F67 /* CVCalendarViewAppearance.swift in Sources */,
				FF7395391B0C6C0B00972F67 /* CVCalendarWeekContentViewController.swift in Sources */,
				FF7395371B0C6C0B00972F67 /* CVCalendarViewDelegate.swift in Sources */,
				FFCDAE451B1B72490016614F /* AddTextEntryViewController.swift in Sources */,
				FF648C8C1AE8CB2400889EA0 /* ExerciseDetailViewController.swift in Sources */,
				FF75EB3A1B1F151800B9B969 /* Annotations.swift in Sources */,
				FF75EB2B1B1C7AF300B9B969 /* PictureDiaryEntry.swift in Sources */,
				FF54C2DD1AE6A2ED00943B41 /* Strings.swift in Sources */,
				FF8596471AFB87320099DFF8 /* MeetingsListViewController.swift in Sources */,
				FF8596611AFB8AAB0099DFF8 /* Dictionary.swift in Sources */,
				FF7395341B0C6C0B00972F67 /* CVCalendarViewAnimatorDelegate.swift in Sources */,
				FF20F0ED1ABAFE79009CDF4D /* AppDelegate.swift in Sources */,
				FFCDAE401B1B2EEA0016614F /* TextDiaryEntry.swift in Sources */,
				FF0E8C291AF91C1B00B7EC68 /* MeetingsMapViewController.swift in Sources */,
				FF3754BA1B21903800EE1F00 /* HexagonView.swift in Sources */,
				FF75EB3D1B1F151800B9B969 /* ServiceDetailViewController.swift in Sources */,
				FF73953A1B0C6C0B00972F67 /* CVCalendarWeekday.swift in Sources */,
				FFDAF6FA1B146B6800BC4589 /* MeetingActivity.swift in Sources */,
				FF75EB411B1F151800B9B969 /* VenueDetailViewController.swift in Sources */,
				FF9E9F911AE3E66C00F3516C /* Group.swift in Sources */,
				FF73952A1B0C6C0B00972F67 /* CVCalendarDayView.swift in Sources */,
				FF8596601AFB8AAB0099DFF8 /* Character.swift in Sources */,
				FF73952D1B0C6C0B00972F67 /* CVCalendarMenuView.swift in Sources */,
				FF7395401B0C6C0B00972F67 /* CVSet.swift in Sources */,
				FF75EB3E1B1F151800B9B969 /* ServicesMapViewController.swift in Sources */,
				FF648C901AE8D97000889EA0 /* ExerciseCell.swift in Sources */,
				FFDAF7031B14D61400BC4589 /* AF+Date+Extension.swift in Sources */,
				FF73953F1B0C6C0B00972F67 /* CVSelectionType.swift in Sources */,
				FF75EB401B1F151800B9B969 /* VenueDetailsCell.swift in Sources */,
				FF648C921AE8DA3A00889EA0 /* ExercisesViewController.swift in Sources */,
				FF7395441B0C70E000972F67 /* CalendarViewController.swift in Sources */,
				FFDAF6FC1B14713300BC4589 /* ActivityDetailsViewController.swift in Sources */,
				FF75EB2D1B1EF76B00B9B969 /* EmergencyContactViewController.swift in Sources */,
				FF1E1B351B29C43A00A97F12 /* MeetingsListHeader.swift in Sources */,
				FF73953B1B0C6C0B00972F67 /* CVCalendarWeekView.swift in Sources */,
				FFC486E71AE0DF0D0045C9CE /* ActivitiesViewController.swift in Sources */,
				FF648C8E1AE8CC8500889EA0 /* Exercise.swift in Sources */,
				FF7395311B0C6C0B00972F67 /* CVCalendarTouchController.swift in Sources */,
				FF85966A1AFB8AAB0099DFF8 /* Sequence.swift in Sources */,
				FFCDAE3C1B1B2E680016614F /* DiaryEntry.swift in Sources */,
				FF7395291B0C6C0B00972F67 /* CVCalendarContentViewController.swift in Sources */,
				FF1E1B6B1B2A398400A97F12 /* MeetingsDetailViewController.swift in Sources */,
				FF75EB301B1EFC6A00B9B969 /* ContactCell.swift in Sources */,
				FF7395331B0C6C0B00972F67 /* CVCalendarViewAnimator.swift in Sources */,
				FF44EB2F1ACC9C8D00EA1954 /* Venue.swift in Sources */,
				FF569F9D1B0E25CA00E26D16 /* Activity.swift in Sources */,
				FF44EB311ACC9D0400EA1954 /* Service.swift in Sources */,
				FF8596681AFB8AAB0099DFF8 /* NSDate.swift in Sources */,
				FF8596691AFB8AAB0099DFF8 /* Range.swift in Sources */,
				FF8596451AFAA8920099DFF8 /* Dates.swift in Sources */,
				FF8596661AFB8AAB0099DFF8 /* Int.swift in Sources */,
				FF73953D1B0C6C0B00972F67 /* CVRange.swift in Sources */,
				FFC486E21AE04CE30045C9CE /* Quote.swift in Sources */,
				FF7395361B0C6C0B00972F67 /* CVCalendarViewAppearanceDelegate.swift in Sources */,
				FFC486D51ADFC4D10045C9CE /* Model.swift in Sources */,
				FF85966B1AFB8AAB0099DFF8 /* String.swift in Sources */,
				FFC2E1BA1AFF88F300D11DF5 /* ContactDetailsViewController.swift in Sources */,
				FF7395281B0C6C0B00972F67 /* CVAuxiliaryView.swift in Sources */,
				FF73952C1B0C6C0B00972F67 /* CVCalendarManager.swift in Sources */,
				FF73952E1B0C6C0B00972F67 /* CVCalendarMenuViewDelegate.swift in Sources */,
				FFDAF6FE1B147A5000BC4589 /* CommunityEvent.swift in Sources */,
				FF5967071B27804F00B149F4 /* Style.swift in Sources */,
				FF1E1B371B29E34B00A97F12 /* MeetingListCell.swift in Sources */,
				FF85965F1AFB8AAB0099DFF8 /* Bool.swift in Sources */,
				FF20F10D1ABB8216009CDF4D /* HomeViewController.swift in Sources */,
				FF8596641AFB8AAB0099DFF8 /* Float.swift in Sources */,
				FF7395411B0C6C0B00972F67 /* CVShape.swift in Sources */,
				FF7395301B0C6C0B00972F67 /* CVCalendarMonthView.swift in Sources */,
				FFC486DE1AE045930045C9CE /* QuotesViewController.swift in Sources */,
				FF73953C1B0C6C0B00972F67 /* CVDate.swift in Sources */,
				FF75EB3C1B1F151800B9B969 /* LinkCell.swift in Sources */,
				FF8596431AFA1C7D0099DFF8 /* AboutViewController.swift in Sources */,
				FF8596621AFB8AAB0099DFF8 /* Double.swift in Sources */,
			);
			runOnlyForDeploymentPostprocessing = 0;
		};
		FF20F0F81ABAFE79009CDF4D /* Sources */ = {
			isa = PBXSourcesBuildPhase;
			buildActionMask = 2147483647;
			files = (
				FF3755521B22DAB200EE1F00 /* NSString+FontAwesomeSwift.swift in Sources */,
				FF20F1031ABAFE79009CDF4D /* ACETests.swift in Sources */,
			);
			runOnlyForDeploymentPostprocessing = 0;
		};
/* End PBXSourcesBuildPhase section */

/* Begin PBXTargetDependency section */
		FF20F0FE1ABAFE79009CDF4D /* PBXTargetDependency */ = {
			isa = PBXTargetDependency;
			target = FF20F0E61ABAFE79009CDF4D /* ARCE */;
			targetProxy = FF20F0FD1ABAFE79009CDF4D /* PBXContainerItemProxy */;
		};
/* End PBXTargetDependency section */

/* Begin PBXVariantGroup section */
		FF20F0F01ABAFE79009CDF4D /* Main.storyboard */ = {
			isa = PBXVariantGroup;
			children = (
				FF20F0F11ABAFE79009CDF4D /* Base */,
			);
			name = Main.storyboard;
			sourceTree = "<group>";
		};
		FF20F0F51ABAFE79009CDF4D /* LaunchScreen.xib */ = {
			isa = PBXVariantGroup;
			children = (
				FF20F0F61ABAFE79009CDF4D /* Base */,
			);
			name = LaunchScreen.xib;
			sourceTree = "<group>";
		};
/* End PBXVariantGroup section */

/* Begin XCBuildConfiguration section */
		FF20F1041ABAFE79009CDF4D /* Debug */ = {
			isa = XCBuildConfiguration;
			buildSettings = {
				ALWAYS_SEARCH_USER_PATHS = NO;
				CLANG_CXX_LANGUAGE_STANDARD = "gnu++0x";
				CLANG_CXX_LIBRARY = "libc++";
				CLANG_ENABLE_MODULES = YES;
				CLANG_ENABLE_OBJC_ARC = YES;
				CLANG_WARN_BOOL_CONVERSION = YES;
				CLANG_WARN_CONSTANT_CONVERSION = YES;
				CLANG_WARN_DIRECT_OBJC_ISA_USAGE = YES_ERROR;
				CLANG_WARN_EMPTY_BODY = YES;
				CLANG_WARN_ENUM_CONVERSION = YES;
				CLANG_WARN_INT_CONVERSION = YES;
				CLANG_WARN_OBJC_ROOT_CLASS = YES_ERROR;
				CLANG_WARN_UNREACHABLE_CODE = YES;
				CLANG_WARN__DUPLICATE_METHOD_MATCH = YES;
				"CODE_SIGN_IDENTITY[sdk=iphoneos*]" = "iPhone Developer";
				COPY_PHASE_STRIP = NO;
				ENABLE_STRICT_OBJC_MSGSEND = YES;
				GCC_C_LANGUAGE_STANDARD = gnu99;
				GCC_DYNAMIC_NO_PIC = NO;
				GCC_OPTIMIZATION_LEVEL = 0;
				GCC_PREPROCESSOR_DEFINITIONS = (
					"DEBUG=1",
					"$(inherited)",
				);
				GCC_SYMBOLS_PRIVATE_EXTERN = NO;
				GCC_WARN_64_TO_32_BIT_CONVERSION = YES;
				GCC_WARN_ABOUT_RETURN_TYPE = YES_ERROR;
				GCC_WARN_UNDECLARED_SELECTOR = YES;
				GCC_WARN_UNINITIALIZED_AUTOS = YES_AGGRESSIVE;
				GCC_WARN_UNUSED_FUNCTION = YES;
				GCC_WARN_UNUSED_VARIABLE = YES;
				IPHONEOS_DEPLOYMENT_TARGET = 8.2;
				MTL_ENABLE_DEBUG_INFO = YES;
				ONLY_ACTIVE_ARCH = YES;
				SDKROOT = iphoneos;
				SWIFT_OPTIMIZATION_LEVEL = "-Onone";
			};
			name = Debug;
		};
		FF20F1051ABAFE79009CDF4D /* Release */ = {
			isa = XCBuildConfiguration;
			buildSettings = {
				ALWAYS_SEARCH_USER_PATHS = NO;
				CLANG_CXX_LANGUAGE_STANDARD = "gnu++0x";
				CLANG_CXX_LIBRARY = "libc++";
				CLANG_ENABLE_MODULES = YES;
				CLANG_ENABLE_OBJC_ARC = YES;
				CLANG_WARN_BOOL_CONVERSION = YES;
				CLANG_WARN_CONSTANT_CONVERSION = YES;
				CLANG_WARN_DIRECT_OBJC_ISA_USAGE = YES_ERROR;
				CLANG_WARN_EMPTY_BODY = YES;
				CLANG_WARN_ENUM_CONVERSION = YES;
				CLANG_WARN_INT_CONVERSION = YES;
				CLANG_WARN_OBJC_ROOT_CLASS = YES_ERROR;
				CLANG_WARN_UNREACHABLE_CODE = YES;
				CLANG_WARN__DUPLICATE_METHOD_MATCH = YES;
				"CODE_SIGN_IDENTITY[sdk=iphoneos*]" = "iPhone Developer";
				COPY_PHASE_STRIP = NO;
				ENABLE_NS_ASSERTIONS = NO;
				ENABLE_STRICT_OBJC_MSGSEND = YES;
				GCC_C_LANGUAGE_STANDARD = gnu99;
				GCC_WARN_64_TO_32_BIT_CONVERSION = YES;
				GCC_WARN_ABOUT_RETURN_TYPE = YES_ERROR;
				GCC_WARN_UNDECLARED_SELECTOR = YES;
				GCC_WARN_UNINITIALIZED_AUTOS = YES_AGGRESSIVE;
				GCC_WARN_UNUSED_FUNCTION = YES;
				GCC_WARN_UNUSED_VARIABLE = YES;
				IPHONEOS_DEPLOYMENT_TARGET = 8.2;
				MTL_ENABLE_DEBUG_INFO = NO;
				SDKROOT = iphoneos;
				VALIDATE_PRODUCT = YES;
			};
			name = Release;
		};
		FF20F1071ABAFE79009CDF4D /* Debug */ = {
			isa = XCBuildConfiguration;
			baseConfigurationReference = 415B8465FEB81F9CA1B3D23D /* Pods-ACE.debug.xcconfig */;
			buildSettings = {
				ASSETCATALOG_COMPILER_APPICON_NAME = AppIcon;
				CODE_SIGN_IDENTITY = "iPhone Developer";
				INFOPLIST_FILE = ACE/Info.plist;
				IPHONEOS_DEPLOYMENT_TARGET = 8.3;
				LD_RUNPATH_SEARCH_PATHS = "$(inherited) @executable_path/Frameworks";
				PRODUCT_NAME = ARCE;
			};
			name = Debug;
		};
		FF20F1081ABAFE79009CDF4D /* Release */ = {
			isa = XCBuildConfiguration;
			baseConfigurationReference = 0D867E93193A6488C57F8E6E /* Pods-ACE.release.xcconfig */;
			buildSettings = {
				ASSETCATALOG_COMPILER_APPICON_NAME = AppIcon;
				CODE_SIGN_IDENTITY = "iPhone Developer";
				INFOPLIST_FILE = ACE/Info.plist;
				IPHONEOS_DEPLOYMENT_TARGET = 8.3;
				LD_RUNPATH_SEARCH_PATHS = "$(inherited) @executable_path/Frameworks";
				PRODUCT_NAME = ARCE;
			};
			name = Release;
		};
		FF20F10A1ABAFE79009CDF4D /* Debug */ = {
			isa = XCBuildConfiguration;
			baseConfigurationReference = 37819CA09BCD5962DBBB0793 /* Pods-ACETests.debug.xcconfig */;
			buildSettings = {
				BUNDLE_LOADER = "$(TEST_HOST)";
				FRAMEWORK_SEARCH_PATHS = (
					"$(SDKROOT)/Developer/Library/Frameworks",
					"$(inherited)",
				);
				GCC_PREPROCESSOR_DEFINITIONS = (
					"DEBUG=1",
					"$(inherited)",
				);
				INFOPLIST_FILE = ACETests/Info.plist;
				LD_RUNPATH_SEARCH_PATHS = "$(inherited) @executable_path/Frameworks @loader_path/Frameworks";
				PRODUCT_NAME = ARCETests;
				TEST_HOST = "$(BUILT_PRODUCTS_DIR)/ACE.app/ACE";
			};
			name = Debug;
		};
		FF20F10B1ABAFE79009CDF4D /* Release */ = {
			isa = XCBuildConfiguration;
			baseConfigurationReference = E2F0AF1713F10A275D6924AF /* Pods-ACETests.release.xcconfig */;
			buildSettings = {
				BUNDLE_LOADER = "$(TEST_HOST)";
				FRAMEWORK_SEARCH_PATHS = (
					"$(SDKROOT)/Developer/Library/Frameworks",
					"$(inherited)",
				);
				INFOPLIST_FILE = ACETests/Info.plist;
				LD_RUNPATH_SEARCH_PATHS = "$(inherited) @executable_path/Frameworks @loader_path/Frameworks";
				PRODUCT_NAME = ARCETests;
				TEST_HOST = "$(BUILT_PRODUCTS_DIR)/ACE.app/ACE";
			};
			name = Release;
		};
/* End XCBuildConfiguration section */

/* Begin XCConfigurationList section */
		FF20F0E21ABAFE79009CDF4D /* Build configuration list for PBXProject "ARCE" */ = {
			isa = XCConfigurationList;
			buildConfigurations = (
				FF20F1041ABAFE79009CDF4D /* Debug */,
				FF20F1051ABAFE79009CDF4D /* Release */,
			);
			defaultConfigurationIsVisible = 0;
			defaultConfigurationName = Release;
		};
		FF20F1061ABAFE79009CDF4D /* Build configuration list for PBXNativeTarget "ARCE" */ = {
			isa = XCConfigurationList;
			buildConfigurations = (
				FF20F1071ABAFE79009CDF4D /* Debug */,
				FF20F1081ABAFE79009CDF4D /* Release */,
			);
			defaultConfigurationIsVisible = 0;
			defaultConfigurationName = Release;
		};
		FF20F1091ABAFE79009CDF4D /* Build configuration list for PBXNativeTarget "ARCETests" */ = {
			isa = XCConfigurationList;
			buildConfigurations = (
				FF20F10A1ABAFE79009CDF4D /* Debug */,
				FF20F10B1ABAFE79009CDF4D /* Release */,
			);
			defaultConfigurationIsVisible = 0;
			defaultConfigurationName = Release;
		};
/* End XCConfigurationList section */
	};
	rootObject = FF20F0DF1ABAFE79009CDF4D /* Project object */;
}
