// !$*UTF8*$!
{
	archiveVersion = 1;
	classes = {
	};
	objectVersion = 46;
	objects = {

/* Begin PBXBuildFile section */
		FF0E8C291AF91C1B00B7EC68 /* MeetingsMapViewController.swift in Sources */ = {isa = PBXBuildFile; fileRef = FF0E8C281AF91C1B00B7EC68 /* MeetingsMapViewController.swift */; };
		FF20F0ED1ABAFE79009CDF4D /* AppDelegate.swift in Sources */ = {isa = PBXBuildFile; fileRef = FF20F0EC1ABAFE79009CDF4D /* AppDelegate.swift */; };
		FF20F0F21ABAFE79009CDF4D /* Main.storyboard in Resources */ = {isa = PBXBuildFile; fileRef = FF20F0F01ABAFE79009CDF4D /* Main.storyboard */; };
		FF20F0F41ABAFE79009CDF4D /* Images.xcassets in Resources */ = {isa = PBXBuildFile; fileRef = FF20F0F31ABAFE79009CDF4D /* Images.xcassets */; };
		FF20F0F71ABAFE79009CDF4D /* LaunchScreen.xib in Resources */ = {isa = PBXBuildFile; fileRef = FF20F0F51ABAFE79009CDF4D /* LaunchScreen.xib */; };
		FF20F1031ABAFE79009CDF4D /* ACETests.swift in Sources */ = {isa = PBXBuildFile; fileRef = FF20F1021ABAFE79009CDF4D /* ACETests.swift */; };
		FF20F10D1ABB8216009CDF4D /* HomeViewController.swift in Sources */ = {isa = PBXBuildFile; fileRef = FF20F10C1ABB8216009CDF4D /* HomeViewController.swift */; };
		FF20F10F1ABB855D009CDF4D /* MapKit.framework in Frameworks */ = {isa = PBXBuildFile; fileRef = FF20F10E1ABB855D009CDF4D /* MapKit.framework */; };
		FF20F1121ABB8687009CDF4D /* ServicesMapViewController.swift in Sources */ = {isa = PBXBuildFile; fileRef = FF20F1111ABB8687009CDF4D /* ServicesMapViewController.swift */; };
		FF44EB2F1ACC9C8D00EA1954 /* Venue.swift in Sources */ = {isa = PBXBuildFile; fileRef = FF44EB2E1ACC9C8D00EA1954 /* Venue.swift */; };
		FF44EB311ACC9D0400EA1954 /* Service.swift in Sources */ = {isa = PBXBuildFile; fileRef = FF44EB301ACC9D0400EA1954 /* Service.swift */; };
		FF54C2D51AE6827D00943B41 /* VenueDetailViewController.swift in Sources */ = {isa = PBXBuildFile; fileRef = FF54C2D41AE6827D00943B41 /* VenueDetailViewController.swift */; };
		FF54C2D71AE682B900943B41 /* VenueDetailsCell.swift in Sources */ = {isa = PBXBuildFile; fileRef = FF54C2D61AE682B900943B41 /* VenueDetailsCell.swift */; };
		FF54C2D91AE6832A00943B41 /* LinkCell.swift in Sources */ = {isa = PBXBuildFile; fileRef = FF54C2D81AE6832A00943B41 /* LinkCell.swift */; };
		FF54C2DB1AE6937800943B41 /* Annotations.swift in Sources */ = {isa = PBXBuildFile; fileRef = FF54C2DA1AE6937800943B41 /* Annotations.swift */; };
		FF54C2DD1AE6A2ED00943B41 /* Strings.swift in Sources */ = {isa = PBXBuildFile; fileRef = FF54C2DC1AE6A2ED00943B41 /* Strings.swift */; };
		FF648C861AE74ECF00889EA0 /* EventDetailViewController.swift in Sources */ = {isa = PBXBuildFile; fileRef = FF648C851AE74ECF00889EA0 /* EventDetailViewController.swift */; };
		FF648C881AE791F200889EA0 /* ServiceDetailViewController.swift in Sources */ = {isa = PBXBuildFile; fileRef = FF648C871AE791F200889EA0 /* ServiceDetailViewController.swift */; };
		FF648C8A1AE7A8B300889EA0 /* SupportTableViewController.swift in Sources */ = {isa = PBXBuildFile; fileRef = FF648C891AE7A8B300889EA0 /* SupportTableViewController.swift */; };
		FF648C8C1AE8CB2400889EA0 /* ExerciseDetailViewController.swift in Sources */ = {isa = PBXBuildFile; fileRef = FF648C8B1AE8CB2400889EA0 /* ExerciseDetailViewController.swift */; };
		FF648C8E1AE8CC8500889EA0 /* Exercise.swift in Sources */ = {isa = PBXBuildFile; fileRef = FF648C8D1AE8CC8500889EA0 /* Exercise.swift */; };
		FF648C901AE8D97000889EA0 /* ExerciseCell.swift in Sources */ = {isa = PBXBuildFile; fileRef = FF648C8F1AE8D97000889EA0 /* ExerciseCell.swift */; };
		FF648C921AE8DA3A00889EA0 /* ExercisesViewController.swift in Sources */ = {isa = PBXBuildFile; fileRef = FF648C911AE8DA3A00889EA0 /* ExercisesViewController.swift */; };
		FF7D49DB1AFB949000D5BC3B /* MeetingCell.swift in Sources */ = {isa = PBXBuildFile; fileRef = FF7D49DA1AFB949000D5BC3B /* MeetingCell.swift */; };
		FF85963E1AF9816E0099DFF8 /* MeetingsDetailViewController.swift in Sources */ = {isa = PBXBuildFile; fileRef = FF85963D1AF9816E0099DFF8 /* MeetingsDetailViewController.swift */; };
		FF8596431AFA1C7D0099DFF8 /* AboutViewController.swift in Sources */ = {isa = PBXBuildFile; fileRef = FF8596421AFA1C7D0099DFF8 /* AboutViewController.swift */; };
		FF8596451AFAA8920099DFF8 /* Dates.swift in Sources */ = {isa = PBXBuildFile; fileRef = FF8596441AFAA8920099DFF8 /* Dates.swift */; };
		FF8596471AFB87320099DFF8 /* MeetingsListViewController.swift in Sources */ = {isa = PBXBuildFile; fileRef = FF8596461AFB87320099DFF8 /* MeetingsListViewController.swift */; };
		FF85965E1AFB8AAB0099DFF8 /* Array.swift in Sources */ = {isa = PBXBuildFile; fileRef = FF85964F1AFB8AAB0099DFF8 /* Array.swift */; };
		FF85965F1AFB8AAB0099DFF8 /* Bool.swift in Sources */ = {isa = PBXBuildFile; fileRef = FF8596501AFB8AAB0099DFF8 /* Bool.swift */; };
		FF8596601AFB8AAB0099DFF8 /* Character.swift in Sources */ = {isa = PBXBuildFile; fileRef = FF8596511AFB8AAB0099DFF8 /* Character.swift */; };
		FF8596611AFB8AAB0099DFF8 /* Dictionary.swift in Sources */ = {isa = PBXBuildFile; fileRef = FF8596521AFB8AAB0099DFF8 /* Dictionary.swift */; };
		FF8596621AFB8AAB0099DFF8 /* Double.swift in Sources */ = {isa = PBXBuildFile; fileRef = FF8596531AFB8AAB0099DFF8 /* Double.swift */; };
		FF8596631AFB8AAB0099DFF8 /* ExSwift.swift in Sources */ = {isa = PBXBuildFile; fileRef = FF8596551AFB8AAB0099DFF8 /* ExSwift.swift */; };
		FF8596641AFB8AAB0099DFF8 /* Float.swift in Sources */ = {isa = PBXBuildFile; fileRef = FF8596561AFB8AAB0099DFF8 /* Float.swift */; };
		FF8596651AFB8AAB0099DFF8 /* Info.plist in Resources */ = {isa = PBXBuildFile; fileRef = FF8596571AFB8AAB0099DFF8 /* Info.plist */; };
		FF8596661AFB8AAB0099DFF8 /* Int.swift in Sources */ = {isa = PBXBuildFile; fileRef = FF8596581AFB8AAB0099DFF8 /* Int.swift */; };
		FF8596671AFB8AAB0099DFF8 /* NSArray.swift in Sources */ = {isa = PBXBuildFile; fileRef = FF8596591AFB8AAB0099DFF8 /* NSArray.swift */; };
		FF8596681AFB8AAB0099DFF8 /* NSDate.swift in Sources */ = {isa = PBXBuildFile; fileRef = FF85965A1AFB8AAB0099DFF8 /* NSDate.swift */; };
		FF8596691AFB8AAB0099DFF8 /* Range.swift in Sources */ = {isa = PBXBuildFile; fileRef = FF85965B1AFB8AAB0099DFF8 /* Range.swift */; };
		FF85966A1AFB8AAB0099DFF8 /* Sequence.swift in Sources */ = {isa = PBXBuildFile; fileRef = FF85965C1AFB8AAB0099DFF8 /* Sequence.swift */; };
		FF85966B1AFB8AAB0099DFF8 /* String.swift in Sources */ = {isa = PBXBuildFile; fileRef = FF85965D1AFB8AAB0099DFF8 /* String.swift */; };
		FF9E9F911AE3E66C00F3516C /* Group.swift in Sources */ = {isa = PBXBuildFile; fileRef = FF9E9F901AE3E66C00F3516C /* Group.swift */; };
		FF9E9F931AE3EAE800F3516C /* Event.swift in Sources */ = {isa = PBXBuildFile; fileRef = FF9E9F921AE3EAE800F3516C /* Event.swift */; };
		FF9E9F961AE400F200F3516C /* Reachability.swift in Sources */ = {isa = PBXBuildFile; fileRef = FF9E9F951AE400F200F3516C /* Reachability.swift */; };
		FFC2E1B41AFE737700D11DF5 /* ContactListViewController.swift in Sources */ = {isa = PBXBuildFile; fileRef = FFC2E1B31AFE737700D11DF5 /* ContactListViewController.swift */; };
		FFC2E1B61AFE773900D11DF5 /* Contact.swift in Sources */ = {isa = PBXBuildFile; fileRef = FFC2E1B51AFE773900D11DF5 /* Contact.swift */; };
		FFC2E1BA1AFF88F300D11DF5 /* ContactDetailsViewController.swift in Sources */ = {isa = PBXBuildFile; fileRef = FFC2E1B91AFF88F300D11DF5 /* ContactDetailsViewController.swift */; };
		FFC486D51ADFC4D10045C9CE /* Model.swift in Sources */ = {isa = PBXBuildFile; fileRef = FFC486D41ADFC4D10045C9CE /* Model.swift */; };
		FFC486DE1AE045930045C9CE /* QuotesViewController.swift in Sources */ = {isa = PBXBuildFile; fileRef = FFC486DD1AE045930045C9CE /* QuotesViewController.swift */; };
		FFC486E01AE04ADD0045C9CE /* QuotesTableViewCell.swift in Sources */ = {isa = PBXBuildFile; fileRef = FFC486DF1AE04ADD0045C9CE /* QuotesTableViewCell.swift */; };
		FFC486E21AE04CE30045C9CE /* Quote.swift in Sources */ = {isa = PBXBuildFile; fileRef = FFC486E11AE04CE30045C9CE /* Quote.swift */; };
		FFC486E41AE058A80045C9CE /* Colors.swift in Sources */ = {isa = PBXBuildFile; fileRef = FFC486E31AE058A80045C9CE /* Colors.swift */; };
		FFC486E71AE0DF0D0045C9CE /* ActivitiesViewController.swift in Sources */ = {isa = PBXBuildFile; fileRef = FFC486E61AE0DF0D0045C9CE /* ActivitiesViewController.swift */; };
/* End PBXBuildFile section */

/* Begin PBXContainerItemProxy section */
		FF20F0FD1ABAFE79009CDF4D /* PBXContainerItemProxy */ = {
			isa = PBXContainerItemProxy;
			containerPortal = FF20F0DF1ABAFE79009CDF4D /* Project object */;
			proxyType = 1;
			remoteGlobalIDString = FF20F0E61ABAFE79009CDF4D;
			remoteInfo = ACE;
		};
/* End PBXContainerItemProxy section */

/* Begin PBXFileReference section */
		FF0E8C281AF91C1B00B7EC68 /* MeetingsMapViewController.swift */ = {isa = PBXFileReference; fileEncoding = 4; lastKnownFileType = sourcecode.swift; path = MeetingsMapViewController.swift; sourceTree = "<group>"; };
		FF20F0E71ABAFE79009CDF4D /* ACE.app */ = {isa = PBXFileReference; explicitFileType = wrapper.application; includeInIndex = 0; path = ACE.app; sourceTree = BUILT_PRODUCTS_DIR; };
		FF20F0EB1ABAFE79009CDF4D /* Info.plist */ = {isa = PBXFileReference; lastKnownFileType = text.plist.xml; path = Info.plist; sourceTree = "<group>"; };
		FF20F0EC1ABAFE79009CDF4D /* AppDelegate.swift */ = {isa = PBXFileReference; lastKnownFileType = sourcecode.swift; path = AppDelegate.swift; sourceTree = "<group>"; };
		FF20F0F11ABAFE79009CDF4D /* Base */ = {isa = PBXFileReference; lastKnownFileType = file.storyboard; name = Base; path = Base.lproj/Main.storyboard; sourceTree = "<group>"; };
		FF20F0F31ABAFE79009CDF4D /* Images.xcassets */ = {isa = PBXFileReference; lastKnownFileType = folder.assetcatalog; path = Images.xcassets; sourceTree = "<group>"; };
		FF20F0F61ABAFE79009CDF4D /* Base */ = {isa = PBXFileReference; lastKnownFileType = file.xib; name = Base; path = Base.lproj/LaunchScreen.xib; sourceTree = "<group>"; };
		FF20F0FC1ABAFE79009CDF4D /* ACETests.xctest */ = {isa = PBXFileReference; explicitFileType = wrapper.cfbundle; includeInIndex = 0; path = ACETests.xctest; sourceTree = BUILT_PRODUCTS_DIR; };
		FF20F1011ABAFE79009CDF4D /* Info.plist */ = {isa = PBXFileReference; lastKnownFileType = text.plist.xml; path = Info.plist; sourceTree = "<group>"; };
		FF20F1021ABAFE79009CDF4D /* ACETests.swift */ = {isa = PBXFileReference; lastKnownFileType = sourcecode.swift; path = ACETests.swift; sourceTree = "<group>"; };
		FF20F10C1ABB8216009CDF4D /* HomeViewController.swift */ = {isa = PBXFileReference; fileEncoding = 4; lastKnownFileType = sourcecode.swift; path = HomeViewController.swift; sourceTree = "<group>"; };
		FF20F10E1ABB855D009CDF4D /* MapKit.framework */ = {isa = PBXFileReference; lastKnownFileType = wrapper.framework; name = MapKit.framework; path = System/Library/Frameworks/MapKit.framework; sourceTree = SDKROOT; };
		FF20F1111ABB8687009CDF4D /* ServicesMapViewController.swift */ = {isa = PBXFileReference; fileEncoding = 4; lastKnownFileType = sourcecode.swift; path = ServicesMapViewController.swift; sourceTree = "<group>"; };
		FF44EB2E1ACC9C8D00EA1954 /* Venue.swift */ = {isa = PBXFileReference; fileEncoding = 4; lastKnownFileType = sourcecode.swift; path = Venue.swift; sourceTree = "<group>"; };
		FF44EB301ACC9D0400EA1954 /* Service.swift */ = {isa = PBXFileReference; fileEncoding = 4; lastKnownFileType = sourcecode.swift; path = Service.swift; sourceTree = "<group>"; };
		FF54C2D41AE6827D00943B41 /* VenueDetailViewController.swift */ = {isa = PBXFileReference; fileEncoding = 4; lastKnownFileType = sourcecode.swift; path = VenueDetailViewController.swift; sourceTree = "<group>"; };
		FF54C2D61AE682B900943B41 /* VenueDetailsCell.swift */ = {isa = PBXFileReference; fileEncoding = 4; lastKnownFileType = sourcecode.swift; path = VenueDetailsCell.swift; sourceTree = "<group>"; };
		FF54C2D81AE6832A00943B41 /* LinkCell.swift */ = {isa = PBXFileReference; fileEncoding = 4; lastKnownFileType = sourcecode.swift; path = LinkCell.swift; sourceTree = "<group>"; };
		FF54C2DA1AE6937800943B41 /* Annotations.swift */ = {isa = PBXFileReference; fileEncoding = 4; lastKnownFileType = sourcecode.swift; path = Annotations.swift; sourceTree = "<group>"; };
		FF54C2DC1AE6A2ED00943B41 /* Strings.swift */ = {isa = PBXFileReference; fileEncoding = 4; lastKnownFileType = sourcecode.swift; path = Strings.swift; sourceTree = "<group>"; };
		FF648C851AE74ECF00889EA0 /* EventDetailViewController.swift */ = {isa = PBXFileReference; fileEncoding = 4; lastKnownFileType = sourcecode.swift; path = EventDetailViewController.swift; sourceTree = "<group>"; };
		FF648C871AE791F200889EA0 /* ServiceDetailViewController.swift */ = {isa = PBXFileReference; fileEncoding = 4; lastKnownFileType = sourcecode.swift; path = ServiceDetailViewController.swift; sourceTree = "<group>"; };
		FF648C891AE7A8B300889EA0 /* SupportTableViewController.swift */ = {isa = PBXFileReference; fileEncoding = 4; lastKnownFileType = sourcecode.swift; path = SupportTableViewController.swift; sourceTree = "<group>"; };
		FF648C8B1AE8CB2400889EA0 /* ExerciseDetailViewController.swift */ = {isa = PBXFileReference; fileEncoding = 4; lastKnownFileType = sourcecode.swift; path = ExerciseDetailViewController.swift; sourceTree = "<group>"; };
		FF648C8D1AE8CC8500889EA0 /* Exercise.swift */ = {isa = PBXFileReference; fileEncoding = 4; lastKnownFileType = sourcecode.swift; path = Exercise.swift; sourceTree = "<group>"; };
		FF648C8F1AE8D97000889EA0 /* ExerciseCell.swift */ = {isa = PBXFileReference; fileEncoding = 4; lastKnownFileType = sourcecode.swift; path = ExerciseCell.swift; sourceTree = "<group>"; };
		FF648C911AE8DA3A00889EA0 /* ExercisesViewController.swift */ = {isa = PBXFileReference; fileEncoding = 4; lastKnownFileType = sourcecode.swift; path = ExercisesViewController.swift; sourceTree = "<group>"; };
		FF7D49DA1AFB949000D5BC3B /* MeetingCell.swift */ = {isa = PBXFileReference; fileEncoding = 4; lastKnownFileType = sourcecode.swift; path = MeetingCell.swift; sourceTree = "<group>"; };
		FF85963D1AF9816E0099DFF8 /* MeetingsDetailViewController.swift */ = {isa = PBXFileReference; fileEncoding = 4; lastKnownFileType = sourcecode.swift; path = MeetingsDetailViewController.swift; sourceTree = "<group>"; };
		FF8596421AFA1C7D0099DFF8 /* AboutViewController.swift */ = {isa = PBXFileReference; fileEncoding = 4; lastKnownFileType = sourcecode.swift; path = AboutViewController.swift; sourceTree = "<group>"; };
		FF8596441AFAA8920099DFF8 /* Dates.swift */ = {isa = PBXFileReference; fileEncoding = 4; lastKnownFileType = sourcecode.swift; path = Dates.swift; sourceTree = "<group>"; };
		FF8596461AFB87320099DFF8 /* MeetingsListViewController.swift */ = {isa = PBXFileReference; fileEncoding = 4; lastKnownFileType = sourcecode.swift; path = MeetingsListViewController.swift; sourceTree = "<group>"; };
		FF85964F1AFB8AAB0099DFF8 /* Array.swift */ = {isa = PBXFileReference; fileEncoding = 4; lastKnownFileType = sourcecode.swift; path = Array.swift; sourceTree = "<group>"; };
		FF8596501AFB8AAB0099DFF8 /* Bool.swift */ = {isa = PBXFileReference; fileEncoding = 4; lastKnownFileType = sourcecode.swift; path = Bool.swift; sourceTree = "<group>"; };
		FF8596511AFB8AAB0099DFF8 /* Character.swift */ = {isa = PBXFileReference; fileEncoding = 4; lastKnownFileType = sourcecode.swift; path = Character.swift; sourceTree = "<group>"; };
		FF8596521AFB8AAB0099DFF8 /* Dictionary.swift */ = {isa = PBXFileReference; fileEncoding = 4; lastKnownFileType = sourcecode.swift; path = Dictionary.swift; sourceTree = "<group>"; };
		FF8596531AFB8AAB0099DFF8 /* Double.swift */ = {isa = PBXFileReference; fileEncoding = 4; lastKnownFileType = sourcecode.swift; path = Double.swift; sourceTree = "<group>"; };
		FF8596541AFB8AAB0099DFF8 /* ExSwift.h */ = {isa = PBXFileReference; fileEncoding = 4; lastKnownFileType = sourcecode.c.h; path = ExSwift.h; sourceTree = "<group>"; };
		FF8596551AFB8AAB0099DFF8 /* ExSwift.swift */ = {isa = PBXFileReference; fileEncoding = 4; lastKnownFileType = sourcecode.swift; path = ExSwift.swift; sourceTree = "<group>"; };
		FF8596561AFB8AAB0099DFF8 /* Float.swift */ = {isa = PBXFileReference; fileEncoding = 4; lastKnownFileType = sourcecode.swift; path = Float.swift; sourceTree = "<group>"; };
		FF8596571AFB8AAB0099DFF8 /* Info.plist */ = {isa = PBXFileReference; fileEncoding = 4; lastKnownFileType = text.plist.xml; path = Info.plist; sourceTree = "<group>"; };
		FF8596581AFB8AAB0099DFF8 /* Int.swift */ = {isa = PBXFileReference; fileEncoding = 4; lastKnownFileType = sourcecode.swift; path = Int.swift; sourceTree = "<group>"; };
		FF8596591AFB8AAB0099DFF8 /* NSArray.swift */ = {isa = PBXFileReference; fileEncoding = 4; lastKnownFileType = sourcecode.swift; path = NSArray.swift; sourceTree = "<group>"; };
		FF85965A1AFB8AAB0099DFF8 /* NSDate.swift */ = {isa = PBXFileReference; fileEncoding = 4; lastKnownFileType = sourcecode.swift; path = NSDate.swift; sourceTree = "<group>"; };
		FF85965B1AFB8AAB0099DFF8 /* Range.swift */ = {isa = PBXFileReference; fileEncoding = 4; lastKnownFileType = sourcecode.swift; path = Range.swift; sourceTree = "<group>"; };
		FF85965C1AFB8AAB0099DFF8 /* Sequence.swift */ = {isa = PBXFileReference; fileEncoding = 4; lastKnownFileType = sourcecode.swift; path = Sequence.swift; sourceTree = "<group>"; };
		FF85965D1AFB8AAB0099DFF8 /* String.swift */ = {isa = PBXFileReference; fileEncoding = 4; lastKnownFileType = sourcecode.swift; path = String.swift; sourceTree = "<group>"; };
		FF9E9F901AE3E66C00F3516C /* Group.swift */ = {isa = PBXFileReference; fileEncoding = 4; lastKnownFileType = sourcecode.swift; path = Group.swift; sourceTree = "<group>"; };
		FF9E9F921AE3EAE800F3516C /* Event.swift */ = {isa = PBXFileReference; fileEncoding = 4; lastKnownFileType = sourcecode.swift; path = Event.swift; sourceTree = "<group>"; };
		FF9E9F951AE400F200F3516C /* Reachability.swift */ = {isa = PBXFileReference; fileEncoding = 4; lastKnownFileType = sourcecode.swift; path = Reachability.swift; sourceTree = "<group>"; };
		FFC2E1B31AFE737700D11DF5 /* ContactListViewController.swift */ = {isa = PBXFileReference; fileEncoding = 4; lastKnownFileType = sourcecode.swift; path = ContactListViewController.swift; sourceTree = "<group>"; };
		FFC2E1B51AFE773900D11DF5 /* Contact.swift */ = {isa = PBXFileReference; fileEncoding = 4; lastKnownFileType = sourcecode.swift; path = Contact.swift; sourceTree = "<group>"; };
		FFC2E1B91AFF88F300D11DF5 /* ContactDetailsViewController.swift */ = {isa = PBXFileReference; fileEncoding = 4; lastKnownFileType = sourcecode.swift; path = ContactDetailsViewController.swift; sourceTree = "<group>"; };
		FFC486D41ADFC4D10045C9CE /* Model.swift */ = {isa = PBXFileReference; fileEncoding = 4; lastKnownFileType = sourcecode.swift; path = Model.swift; sourceTree = "<group>"; };
		FFC486DD1AE045930045C9CE /* QuotesViewController.swift */ = {isa = PBXFileReference; fileEncoding = 4; lastKnownFileType = sourcecode.swift; path = QuotesViewController.swift; sourceTree = "<group>"; };
		FFC486DF1AE04ADD0045C9CE /* QuotesTableViewCell.swift */ = {isa = PBXFileReference; fileEncoding = 4; lastKnownFileType = sourcecode.swift; path = QuotesTableViewCell.swift; sourceTree = "<group>"; };
		FFC486E11AE04CE30045C9CE /* Quote.swift */ = {isa = PBXFileReference; fileEncoding = 4; lastKnownFileType = sourcecode.swift; path = Quote.swift; sourceTree = "<group>"; };
		FFC486E31AE058A80045C9CE /* Colors.swift */ = {isa = PBXFileReference; fileEncoding = 4; lastKnownFileType = sourcecode.swift; path = Colors.swift; sourceTree = "<group>"; };
		FFC486E61AE0DF0D0045C9CE /* ActivitiesViewController.swift */ = {isa = PBXFileReference; fileEncoding = 4; lastKnownFileType = sourcecode.swift; path = ActivitiesViewController.swift; sourceTree = "<group>"; };
/* End PBXFileReference section */

/* Begin PBXFrameworksBuildPhase section */
		FF20F0E41ABAFE79009CDF4D /* Frameworks */ = {
			isa = PBXFrameworksBuildPhase;
			buildActionMask = 2147483647;
			files = (
				FF20F10F1ABB855D009CDF4D /* MapKit.framework in Frameworks */,
			);
			runOnlyForDeploymentPostprocessing = 0;
		};
		FF20F0F91ABAFE79009CDF4D /* Frameworks */ = {
			isa = PBXFrameworksBuildPhase;
			buildActionMask = 2147483647;
			files = (
			);
			runOnlyForDeploymentPostprocessing = 0;
		};
/* End PBXFrameworksBuildPhase section */

/* Begin PBXGroup section */
		FF0E8C271AF91BF500B7EC68 /* Meetings */ = {
			isa = PBXGroup;
			children = (
				FF0E8C281AF91C1B00B7EC68 /* MeetingsMapViewController.swift */,
				FF85963D1AF9816E0099DFF8 /* MeetingsDetailViewController.swift */,
				FF8596461AFB87320099DFF8 /* MeetingsListViewController.swift */,
				FF7D49DA1AFB949000D5BC3B /* MeetingCell.swift */,
			);
			name = Meetings;
			sourceTree = "<group>";
		};
		FF1B1C4A1AE5458D0081257B /* Support */ = {
			isa = PBXGroup;
			children = (
				FF20F1111ABB8687009CDF4D /* ServicesMapViewController.swift */,
				FF54C2D41AE6827D00943B41 /* VenueDetailViewController.swift */,
				FF54C2D61AE682B900943B41 /* VenueDetailsCell.swift */,
				FF54C2D81AE6832A00943B41 /* LinkCell.swift */,
				FF54C2DA1AE6937800943B41 /* Annotations.swift */,
				FF648C851AE74ECF00889EA0 /* EventDetailViewController.swift */,
				FF648C871AE791F200889EA0 /* ServiceDetailViewController.swift */,
				FF648C891AE7A8B300889EA0 /* SupportTableViewController.swift */,
			);
			name = Support;
			sourceTree = "<group>";
		};
		FF20F0DE1ABAFE79009CDF4D = {
			isa = PBXGroup;
			children = (
				FF20F10E1ABB855D009CDF4D /* MapKit.framework */,
				FF20F0E91ABAFE79009CDF4D /* ACE */,
				FF20F0FF1ABAFE79009CDF4D /* ACETests */,
				FF20F0E81ABAFE79009CDF4D /* Products */,
			);
			sourceTree = "<group>";
		};
		FF20F0E81ABAFE79009CDF4D /* Products */ = {
			isa = PBXGroup;
			children = (
				FF20F0E71ABAFE79009CDF4D /* ACE.app */,
				FF20F0FC1ABAFE79009CDF4D /* ACETests.xctest */,
			);
			name = Products;
			sourceTree = "<group>";
		};
		FF20F0E91ABAFE79009CDF4D /* ACE */ = {
			isa = PBXGroup;
			children = (
				FF8596411AFA1C670099DFF8 /* About */,
				FF0E8C271AF91BF500B7EC68 /* Meetings */,
				FF1B1C4A1AE5458D0081257B /* Support */,
				FF9E9F941AE400D700F3516C /* Util */,
				FFC486D81AE029360045C9CE /* Mood */,
				FF44EB2D1ACC9C7A00EA1954 /* Model */,
				FF20F0EC1ABAFE79009CDF4D /* AppDelegate.swift */,
				FF20F0F01ABAFE79009CDF4D /* Main.storyboard */,
				FF20F0F31ABAFE79009CDF4D /* Images.xcassets */,
				FF20F0F51ABAFE79009CDF4D /* LaunchScreen.xib */,
				FF20F0EA1ABAFE79009CDF4D /* Supporting Files */,
				FF20F10C1ABB8216009CDF4D /* HomeViewController.swift */,
			);
			path = ACE;
			sourceTree = "<group>";
		};
		FF20F0EA1ABAFE79009CDF4D /* Supporting Files */ = {
			isa = PBXGroup;
			children = (
				FF20F0EB1ABAFE79009CDF4D /* Info.plist */,
			);
			name = "Supporting Files";
			sourceTree = "<group>";
		};
		FF20F0FF1ABAFE79009CDF4D /* ACETests */ = {
			isa = PBXGroup;
			children = (
				FF20F1021ABAFE79009CDF4D /* ACETests.swift */,
				FF20F1001ABAFE79009CDF4D /* Supporting Files */,
			);
			path = ACETests;
			sourceTree = "<group>";
		};
		FF20F1001ABAFE79009CDF4D /* Supporting Files */ = {
			isa = PBXGroup;
			children = (
				FF20F1011ABAFE79009CDF4D /* Info.plist */,
			);
			name = "Supporting Files";
			sourceTree = "<group>";
		};
		FF44EB2D1ACC9C7A00EA1954 /* Model */ = {
			isa = PBXGroup;
			children = (
				FF44EB2E1ACC9C8D00EA1954 /* Venue.swift */,
				FF44EB301ACC9D0400EA1954 /* Service.swift */,
				FFC486D41ADFC4D10045C9CE /* Model.swift */,
				FFC486E31AE058A80045C9CE /* Colors.swift */,
				FF9E9F901AE3E66C00F3516C /* Group.swift */,
				FF9E9F921AE3EAE800F3516C /* Event.swift */,
				FFC2E1B51AFE773900D11DF5 /* Contact.swift */,
			);
			name = Model;
			sourceTree = "<group>";
		};
		FF8596411AFA1C670099DFF8 /* About */ = {
			isa = PBXGroup;
			children = (
				FF8596421AFA1C7D0099DFF8 /* AboutViewController.swift */,
				FFC2E1B31AFE737700D11DF5 /* ContactListViewController.swift */,
				FFC2E1B91AFF88F300D11DF5 /* ContactDetailsViewController.swift */,
			);
			name = About;
			sourceTree = "<group>";
		};
		FF85964E1AFB8AAB0099DFF8 /* ExSwift */ = {
			isa = PBXGroup;
			children = (
				FF85964F1AFB8AAB0099DFF8 /* Array.swift */,
				FF8596501AFB8AAB0099DFF8 /* Bool.swift */,
				FF8596511AFB8AAB0099DFF8 /* Character.swift */,
				FF8596521AFB8AAB0099DFF8 /* Dictionary.swift */,
				FF8596531AFB8AAB0099DFF8 /* Double.swift */,
				FF8596541AFB8AAB0099DFF8 /* ExSwift.h */,
				FF8596551AFB8AAB0099DFF8 /* ExSwift.swift */,
				FF8596561AFB8AAB0099DFF8 /* Float.swift */,
				FF8596571AFB8AAB0099DFF8 /* Info.plist */,
				FF8596581AFB8AAB0099DFF8 /* Int.swift */,
				FF8596591AFB8AAB0099DFF8 /* NSArray.swift */,
				FF85965A1AFB8AAB0099DFF8 /* NSDate.swift */,
				FF85965B1AFB8AAB0099DFF8 /* Range.swift */,
				FF85965C1AFB8AAB0099DFF8 /* Sequence.swift */,
				FF85965D1AFB8AAB0099DFF8 /* String.swift */,
			);
			path = ExSwift;
			sourceTree = "<group>";
		};
		FF9E9F941AE400D700F3516C /* Util */ = {
			isa = PBXGroup;
			children = (
				FF85964E1AFB8AAB0099DFF8 /* ExSwift */,
				FF9E9F951AE400F200F3516C /* Reachability.swift */,
				FF54C2DC1AE6A2ED00943B41 /* Strings.swift */,
				FF8596441AFAA8920099DFF8 /* Dates.swift */,
			);
			name = Util;
			sourceTree = "<group>";
		};
		FFC486D81AE029360045C9CE /* Mood */ = {
			isa = PBXGroup;
			children = (
				FFC486DD1AE045930045C9CE /* QuotesViewController.swift */,
				FFC486DF1AE04ADD0045C9CE /* QuotesTableViewCell.swift */,
				FFC486E11AE04CE30045C9CE /* Quote.swift */,
				FFC486E61AE0DF0D0045C9CE /* ActivitiesViewController.swift */,
				FF648C8B1AE8CB2400889EA0 /* ExerciseDetailViewController.swift */,
				FF648C8D1AE8CC8500889EA0 /* Exercise.swift */,
				FF648C8F1AE8D97000889EA0 /* ExerciseCell.swift */,
				FF648C911AE8DA3A00889EA0 /* ExercisesViewController.swift */,
			);
			name = Mood;
			sourceTree = "<group>";
		};
/* End PBXGroup section */

/* Begin PBXNativeTarget section */
		FF20F0E61ABAFE79009CDF4D /* ACE */ = {
			isa = PBXNativeTarget;
			buildConfigurationList = FF20F1061ABAFE79009CDF4D /* Build configuration list for PBXNativeTarget "ACE" */;
			buildPhases = (
				FF20F0E31ABAFE79009CDF4D /* Sources */,
				FF20F0E41ABAFE79009CDF4D /* Frameworks */,
				FF20F0E51ABAFE79009CDF4D /* Resources */,
			);
			buildRules = (
			);
			dependencies = (
			);
			name = ACE;
			productName = ACE;
			productReference = FF20F0E71ABAFE79009CDF4D /* ACE.app */;
			productType = "com.apple.product-type.application";
		};
		FF20F0FB1ABAFE79009CDF4D /* ACETests */ = {
			isa = PBXNativeTarget;
			buildConfigurationList = FF20F1091ABAFE79009CDF4D /* Build configuration list for PBXNativeTarget "ACETests" */;
			buildPhases = (
				FF20F0F81ABAFE79009CDF4D /* Sources */,
				FF20F0F91ABAFE79009CDF4D /* Frameworks */,
				FF20F0FA1ABAFE79009CDF4D /* Resources */,
			);
			buildRules = (
			);
			dependencies = (
				FF20F0FE1ABAFE79009CDF4D /* PBXTargetDependency */,
			);
			name = ACETests;
			productName = ACETests;
			productReference = FF20F0FC1ABAFE79009CDF4D /* ACETests.xctest */;
			productType = "com.apple.product-type.bundle.unit-test";
		};
/* End PBXNativeTarget section */

/* Begin PBXProject section */
		FF20F0DF1ABAFE79009CDF4D /* Project object */ = {
			isa = PBXProject;
			attributes = {
				LastUpgradeCheck = 0620;
				ORGANIZATIONNAME = "David Morrison";
				TargetAttributes = {
					FF20F0E61ABAFE79009CDF4D = {
						CreatedOnToolsVersion = 6.2;
						DevelopmentTeam = DUAC26JHWC;
					};
					FF20F0FB1ABAFE79009CDF4D = {
						CreatedOnToolsVersion = 6.2;
						TestTargetID = FF20F0E61ABAFE79009CDF4D;
					};
				};
			};
			buildConfigurationList = FF20F0E21ABAFE79009CDF4D /* Build configuration list for PBXProject "ACE" */;
			compatibilityVersion = "Xcode 3.2";
			developmentRegion = English;
			hasScannedForEncodings = 0;
			knownRegions = (
				en,
				Base,
			);
			mainGroup = FF20F0DE1ABAFE79009CDF4D;
			productRefGroup = FF20F0E81ABAFE79009CDF4D /* Products */;
			projectDirPath = "";
			projectRoot = "";
			targets = (
				FF20F0E61ABAFE79009CDF4D /* ACE */,
				FF20F0FB1ABAFE79009CDF4D /* ACETests */,
			);
		};
/* End PBXProject section */

/* Begin PBXResourcesBuildPhase section */
		FF20F0E51ABAFE79009CDF4D /* Resources */ = {
			isa = PBXResourcesBuildPhase;
			buildActionMask = 2147483647;
			files = (
				FF8596651AFB8AAB0099DFF8 /* Info.plist in Resources */,
				FF20F0F21ABAFE79009CDF4D /* Main.storyboard in Resources */,
				FF20F0F71ABAFE79009CDF4D /* LaunchScreen.xib in Resources */,
				FF20F0F41ABAFE79009CDF4D /* Images.xcassets in Resources */,
			);
			runOnlyForDeploymentPostprocessing = 0;
		};
		FF20F0FA1ABAFE79009CDF4D /* Resources */ = {
			isa = PBXResourcesBuildPhase;
			buildActionMask = 2147483647;
			files = (
			);
			runOnlyForDeploymentPostprocessing = 0;
		};
/* End PBXResourcesBuildPhase section */

/* Begin PBXSourcesBuildPhase section */
		FF20F0E31ABAFE79009CDF4D /* Sources */ = {
			isa = PBXSourcesBuildPhase;
			buildActionMask = 2147483647;
			files = (
				FF8596671AFB8AAB0099DFF8 /* NSArray.swift in Sources */,
				FFC2E1B61AFE773900D11DF5 /* Contact.swift in Sources */,
				FF9E9F961AE400F200F3516C /* Reachability.swift in Sources */,
				FFC486E01AE04ADD0045C9CE /* QuotesTableViewCell.swift in Sources */,
				FF54C2D71AE682B900943B41 /* VenueDetailsCell.swift in Sources */,
				FF7D49DB1AFB949000D5BC3B /* MeetingCell.swift in Sources */,
				FFC2E1B41AFE737700D11DF5 /* ContactListViewController.swift in Sources */,
				FF8596631AFB8AAB0099DFF8 /* ExSwift.swift in Sources */,
				FF85963E1AF9816E0099DFF8 /* MeetingsDetailViewController.swift in Sources */,
				FFC486E41AE058A80045C9CE /* Colors.swift in Sources */,
				FF85965E1AFB8AAB0099DFF8 /* Array.swift in Sources */,
				FF54C2D91AE6832A00943B41 /* LinkCell.swift in Sources */,
				FF648C8C1AE8CB2400889EA0 /* ExerciseDetailViewController.swift in Sources */,
				FF54C2DD1AE6A2ED00943B41 /* Strings.swift in Sources */,
				FF8596471AFB87320099DFF8 /* MeetingsListViewController.swift in Sources */,
				FF648C861AE74ECF00889EA0 /* EventDetailViewController.swift in Sources */,
				FF8596611AFB8AAB0099DFF8 /* Dictionary.swift in Sources */,
				FF54C2DB1AE6937800943B41 /* Annotations.swift in Sources */,
				FF20F0ED1ABAFE79009CDF4D /* AppDelegate.swift in Sources */,
				FF0E8C291AF91C1B00B7EC68 /* MeetingsMapViewController.swift in Sources */,
				FF9E9F911AE3E66C00F3516C /* Group.swift in Sources */,
				FF8596601AFB8AAB0099DFF8 /* Character.swift in Sources */,
				FF648C901AE8D97000889EA0 /* ExerciseCell.swift in Sources */,
				FF648C921AE8DA3A00889EA0 /* ExercisesViewController.swift in Sources */,
				FFC486E71AE0DF0D0045C9CE /* ActivitiesViewController.swift in Sources */,
				FF54C2D51AE6827D00943B41 /* VenueDetailViewController.swift in Sources */,
				FF648C8E1AE8CC8500889EA0 /* Exercise.swift in Sources */,
				FF85966A1AFB8AAB0099DFF8 /* Sequence.swift in Sources */,
				FF44EB2F1ACC9C8D00EA1954 /* Venue.swift in Sources */,
				FF44EB311ACC9D0400EA1954 /* Service.swift in Sources */,
				FF8596681AFB8AAB0099DFF8 /* NSDate.swift in Sources */,
				FF8596691AFB8AAB0099DFF8 /* Range.swift in Sources */,
				FF648C8A1AE7A8B300889EA0 /* SupportTableViewController.swift in Sources */,
				FF8596451AFAA8920099DFF8 /* Dates.swift in Sources */,
				FF8596661AFB8AAB0099DFF8 /* Int.swift in Sources */,
				FFC486E21AE04CE30045C9CE /* Quote.swift in Sources */,
				FFC486D51ADFC4D10045C9CE /* Model.swift in Sources */,
				FF85966B1AFB8AAB0099DFF8 /* String.swift in Sources */,
				FFC2E1BA1AFF88F300D11DF5 /* ContactDetailsViewController.swift in Sources */,
				FF85965F1AFB8AAB0099DFF8 /* Bool.swift in Sources */,
				FF20F10D1ABB8216009CDF4D /* HomeViewController.swift in Sources */,
				FF20F1121ABB8687009CDF4D /* ServicesMapViewController.swift in Sources */,
				FF8596641AFB8AAB0099DFF8 /* Float.swift in Sources */,
				FFC486DE1AE045930045C9CE /* QuotesViewController.swift in Sources */,
				FF8596431AFA1C7D0099DFF8 /* AboutViewController.swift in Sources */,
				FF9E9F931AE3EAE800F3516C /* Event.swift in Sources */,
				FF8596621AFB8AAB0099DFF8 /* Double.swift in Sources */,
				FF648C881AE791F200889EA0 /* ServiceDetailViewController.swift in Sources */,
			);
			runOnlyForDeploymentPostprocessing = 0;
		};
		FF20F0F81ABAFE79009CDF4D /* Sources */ = {
			isa = PBXSourcesBuildPhase;
			buildActionMask = 2147483647;
			files = (
				FF20F1031ABAFE79009CDF4D /* ACETests.swift in Sources */,
			);
			runOnlyForDeploymentPostprocessing = 0;
		};
/* End PBXSourcesBuildPhase section */

/* Begin PBXTargetDependency section */
		FF20F0FE1ABAFE79009CDF4D /* PBXTargetDependency */ = {
			isa = PBXTargetDependency;
			target = FF20F0E61ABAFE79009CDF4D /* ACE */;
			targetProxy = FF20F0FD1ABAFE79009CDF4D /* PBXContainerItemProxy */;
		};
/* End PBXTargetDependency section */

/* Begin PBXVariantGroup section */
		FF20F0F01ABAFE79009CDF4D /* Main.storyboard */ = {
			isa = PBXVariantGroup;
			children = (
				FF20F0F11ABAFE79009CDF4D /* Base */,
			);
			name = Main.storyboard;
			sourceTree = "<group>";
		};
		FF20F0F51ABAFE79009CDF4D /* LaunchScreen.xib */ = {
			isa = PBXVariantGroup;
			children = (
				FF20F0F61ABAFE79009CDF4D /* Base */,
			);
			name = LaunchScreen.xib;
			sourceTree = "<group>";
		};
/* End PBXVariantGroup section */

/* Begin XCBuildConfiguration section */
		FF20F1041ABAFE79009CDF4D /* Debug */ = {
			isa = XCBuildConfiguration;
			buildSettings = {
				ALWAYS_SEARCH_USER_PATHS = NO;
				CLANG_CXX_LANGUAGE_STANDARD = "gnu++0x";
				CLANG_CXX_LIBRARY = "libc++";
				CLANG_ENABLE_MODULES = YES;
				CLANG_ENABLE_OBJC_ARC = YES;
				CLANG_WARN_BOOL_CONVERSION = YES;
				CLANG_WARN_CONSTANT_CONVERSION = YES;
				CLANG_WARN_DIRECT_OBJC_ISA_USAGE = YES_ERROR;
				CLANG_WARN_EMPTY_BODY = YES;
				CLANG_WARN_ENUM_CONVERSION = YES;
				CLANG_WARN_INT_CONVERSION = YES;
				CLANG_WARN_OBJC_ROOT_CLASS = YES_ERROR;
				CLANG_WARN_UNREACHABLE_CODE = YES;
				CLANG_WARN__DUPLICATE_METHOD_MATCH = YES;
				"CODE_SIGN_IDENTITY[sdk=iphoneos*]" = "iPhone Developer";
				COPY_PHASE_STRIP = NO;
				ENABLE_STRICT_OBJC_MSGSEND = YES;
				GCC_C_LANGUAGE_STANDARD = gnu99;
				GCC_DYNAMIC_NO_PIC = NO;
				GCC_OPTIMIZATION_LEVEL = 0;
				GCC_PREPROCESSOR_DEFINITIONS = (
					"DEBUG=1",
					"$(inherited)",
				);
				GCC_SYMBOLS_PRIVATE_EXTERN = NO;
				GCC_WARN_64_TO_32_BIT_CONVERSION = YES;
				GCC_WARN_ABOUT_RETURN_TYPE = YES_ERROR;
				GCC_WARN_UNDECLARED_SELECTOR = YES;
				GCC_WARN_UNINITIALIZED_AUTOS = YES_AGGRESSIVE;
				GCC_WARN_UNUSED_FUNCTION = YES;
				GCC_WARN_UNUSED_VARIABLE = YES;
				IPHONEOS_DEPLOYMENT_TARGET = 8.2;
				MTL_ENABLE_DEBUG_INFO = YES;
				ONLY_ACTIVE_ARCH = YES;
				SDKROOT = iphoneos;
				SWIFT_OPTIMIZATION_LEVEL = "-Onone";
			};
			name = Debug;
		};
		FF20F1051ABAFE79009CDF4D /* Release */ = {
			isa = XCBuildConfiguration;
			buildSettings = {
				ALWAYS_SEARCH_USER_PATHS = NO;
				CLANG_CXX_LANGUAGE_STANDARD = "gnu++0x";
				CLANG_CXX_LIBRARY = "libc++";
				CLANG_ENABLE_MODULES = YES;
				CLANG_ENABLE_OBJC_ARC = YES;
				CLANG_WARN_BOOL_CONVERSION = YES;
				CLANG_WARN_CONSTANT_CONVERSION = YES;
				CLANG_WARN_DIRECT_OBJC_ISA_USAGE = YES_ERROR;
				CLANG_WARN_EMPTY_BODY = YES;
				CLANG_WARN_ENUM_CONVERSION = YES;
				CLANG_WARN_INT_CONVERSION = YES;
				CLANG_WARN_OBJC_ROOT_CLASS = YES_ERROR;
				CLANG_WARN_UNREACHABLE_CODE = YES;
				CLANG_WARN__DUPLICATE_METHOD_MATCH = YES;
				"CODE_SIGN_IDENTITY[sdk=iphoneos*]" = "iPhone Developer";
				COPY_PHASE_STRIP = NO;
				ENABLE_NS_ASSERTIONS = NO;
				ENABLE_STRICT_OBJC_MSGSEND = YES;
				GCC_C_LANGUAGE_STANDARD = gnu99;
				GCC_WARN_64_TO_32_BIT_CONVERSION = YES;
				GCC_WARN_ABOUT_RETURN_TYPE = YES_ERROR;
				GCC_WARN_UNDECLARED_SELECTOR = YES;
				GCC_WARN_UNINITIALIZED_AUTOS = YES_AGGRESSIVE;
				GCC_WARN_UNUSED_FUNCTION = YES;
				GCC_WARN_UNUSED_VARIABLE = YES;
				IPHONEOS_DEPLOYMENT_TARGET = 8.2;
				MTL_ENABLE_DEBUG_INFO = NO;
				SDKROOT = iphoneos;
				VALIDATE_PRODUCT = YES;
			};
			name = Release;
		};
		FF20F1071ABAFE79009CDF4D /* Debug */ = {
			isa = XCBuildConfiguration;
			buildSettings = {
				ASSETCATALOG_COMPILER_APPICON_NAME = AppIcon;
				CODE_SIGN_IDENTITY = "iPhone Developer";
				INFOPLIST_FILE = ACE/Info.plist;
				IPHONEOS_DEPLOYMENT_TARGET = 8.3;
				LD_RUNPATH_SEARCH_PATHS = "$(inherited) @executable_path/Frameworks";
				PRODUCT_NAME = "$(TARGET_NAME)";
			};
			name = Debug;
		};
		FF20F1081ABAFE79009CDF4D /* Release */ = {
			isa = XCBuildConfiguration;
			buildSettings = {
				ASSETCATALOG_COMPILER_APPICON_NAME = AppIcon;
				CODE_SIGN_IDENTITY = "iPhone Developer";
				INFOPLIST_FILE = ACE/Info.plist;
				IPHONEOS_DEPLOYMENT_TARGET = 8.3;
				LD_RUNPATH_SEARCH_PATHS = "$(inherited) @executable_path/Frameworks";
				PRODUCT_NAME = "$(TARGET_NAME)";
			};
			name = Release;
		};
		FF20F10A1ABAFE79009CDF4D /* Debug */ = {
			isa = XCBuildConfiguration;
			buildSettings = {
				BUNDLE_LOADER = "$(TEST_HOST)";
				FRAMEWORK_SEARCH_PATHS = (
					"$(SDKROOT)/Developer/Library/Frameworks",
					"$(inherited)",
				);
				GCC_PREPROCESSOR_DEFINITIONS = (
					"DEBUG=1",
					"$(inherited)",
				);
				INFOPLIST_FILE = ACETests/Info.plist;
				LD_RUNPATH_SEARCH_PATHS = "$(inherited) @executable_path/Frameworks @loader_path/Frameworks";
				PRODUCT_NAME = "$(TARGET_NAME)";
				TEST_HOST = "$(BUILT_PRODUCTS_DIR)/ACE.app/ACE";
			};
			name = Debug;
		};
		FF20F10B1ABAFE79009CDF4D /* Release */ = {
			isa = XCBuildConfiguration;
			buildSettings = {
				BUNDLE_LOADER = "$(TEST_HOST)";
				FRAMEWORK_SEARCH_PATHS = (
					"$(SDKROOT)/Developer/Library/Frameworks",
					"$(inherited)",
				);
				INFOPLIST_FILE = ACETests/Info.plist;
				LD_RUNPATH_SEARCH_PATHS = "$(inherited) @executable_path/Frameworks @loader_path/Frameworks";
				PRODUCT_NAME = "$(TARGET_NAME)";
				TEST_HOST = "$(BUILT_PRODUCTS_DIR)/ACE.app/ACE";
			};
			name = Release;
		};
/* End XCBuildConfiguration section */

/* Begin XCConfigurationList section */
		FF20F0E21ABAFE79009CDF4D /* Build configuration list for PBXProject "ACE" */ = {
			isa = XCConfigurationList;
			buildConfigurations = (
				FF20F1041ABAFE79009CDF4D /* Debug */,
				FF20F1051ABAFE79009CDF4D /* Release */,
			);
			defaultConfigurationIsVisible = 0;
			defaultConfigurationName = Release;
		};
		FF20F1061ABAFE79009CDF4D /* Build configuration list for PBXNativeTarget "ACE" */ = {
			isa = XCConfigurationList;
			buildConfigurations = (
				FF20F1071ABAFE79009CDF4D /* Debug */,
				FF20F1081ABAFE79009CDF4D /* Release */,
			);
			defaultConfigurationIsVisible = 0;
			defaultConfigurationName = Release;
		};
		FF20F1091ABAFE79009CDF4D /* Build configuration list for PBXNativeTarget "ACETests" */ = {
			isa = XCConfigurationList;
			buildConfigurations = (
				FF20F10A1ABAFE79009CDF4D /* Debug */,
				FF20F10B1ABAFE79009CDF4D /* Release */,
			);
			defaultConfigurationIsVisible = 0;
			defaultConfigurationName = Release;
		};
/* End XCConfigurationList section */
	};
	rootObject = FF20F0DF1ABAFE79009CDF4D /* Project object */;
}
